<?xml version="1.0" encoding="UTF-8"?>
<!DOCTYPE plist PUBLIC "-//Apple//DTD PLIST 1.0//EN" "http://www.apple.com/DTDs/PropertyList-1.0.dtd">
<plist version="1.0">
<dict>
	<key>archiveVersion</key>
	<string>1</string>
	<key>classes</key>
	<dict/>
	<key>objectVersion</key>
	<string>46</string>
	<key>objects</key>
	<dict>
		<key>12B47F261A83A142008FAF8D</key>
		<dict>
			<key>fileEncoding</key>
			<string>4</string>
			<key>isa</key>
			<string>PBXFileReference</string>
			<key>lastKnownFileType</key>
			<string>sourcecode.c.h</string>
			<key>path</key>
			<string>RegisterViewController.h</string>
			<key>sourceTree</key>
			<string>&lt;group&gt;</string>
		</dict>
		<key>12B47F271A83A142008FAF8D</key>
		<dict>
			<key>fileEncoding</key>
			<string>4</string>
			<key>isa</key>
			<string>PBXFileReference</string>
			<key>lastKnownFileType</key>
			<string>sourcecode.c.objc</string>
			<key>path</key>
			<string>RegisterViewController.m</string>
			<key>sourceTree</key>
			<string>&lt;group&gt;</string>
		</dict>
		<key>12B47F281A83A142008FAF8D</key>
		<dict>
			<key>fileRef</key>
			<string>12B47F271A83A142008FAF8D</string>
			<key>isa</key>
			<string>PBXBuildFile</string>
		</dict>
		<key>2D37BDF11A822EF0009A6562</key>
		<dict>
			<key>isa</key>
			<string>PBXFileReference</string>
			<key>lastKnownFileType</key>
			<string>wrapper.framework</string>
			<key>path</key>
			<string>GoogleMaps.framework</string>
			<key>sourceTree</key>
			<string>&lt;group&gt;</string>
		</dict>
		<key>2D37BDF21A822EF0009A6562</key>
		<dict>
			<key>fileRef</key>
			<string>2D37BDF11A822EF0009A6562</string>
			<key>isa</key>
			<string>PBXBuildFile</string>
		</dict>
		<key>2D37BDF31A822F37009A6562</key>
		<dict>
			<key>isa</key>
			<string>PBXFileReference</string>
			<key>lastKnownFileType</key>
			<string>wrapper.plug-in</string>
			<key>name</key>
			<string>GoogleMaps.bundle</string>
			<key>path</key>
			<string>GoogleMaps.framework/Versions/A/Resources/GoogleMaps.bundle</string>
			<key>sourceTree</key>
			<string>&lt;group&gt;</string>
		</dict>
		<key>2D37BDF41A822F37009A6562</key>
		<dict>
			<key>fileRef</key>
			<string>2D37BDF31A822F37009A6562</string>
			<key>isa</key>
			<string>PBXBuildFile</string>
		</dict>
		<key>2D37BDF51A822F74009A6562</key>
		<dict>
			<key>isa</key>
			<string>PBXFileReference</string>
			<key>lastKnownFileType</key>
			<string>wrapper.framework</string>
			<key>name</key>
			<string>AVFoundation.framework</string>
			<key>path</key>
			<string>System/Library/Frameworks/AVFoundation.framework</string>
			<key>sourceTree</key>
			<string>SDKROOT</string>
		</dict>
		<key>2D37BDF61A822F74009A6562</key>
		<dict>
			<key>fileRef</key>
			<string>2D37BDF51A822F74009A6562</string>
			<key>isa</key>
			<string>PBXBuildFile</string>
		</dict>
		<key>2D37BDF71A822F7F009A6562</key>
		<dict>
			<key>isa</key>
			<string>PBXFileReference</string>
			<key>lastKnownFileType</key>
			<string>wrapper.framework</string>
			<key>name</key>
			<string>CoreData.framework</string>
			<key>path</key>
			<string>System/Library/Frameworks/CoreData.framework</string>
			<key>sourceTree</key>
			<string>SDKROOT</string>
		</dict>
		<key>2D37BDF81A822F7F009A6562</key>
		<dict>
			<key>fileRef</key>
			<string>2D37BDF71A822F7F009A6562</string>
			<key>isa</key>
			<string>PBXBuildFile</string>
		</dict>
		<key>2D37BDF91A822F88009A6562</key>
		<dict>
			<key>isa</key>
			<string>PBXFileReference</string>
			<key>lastKnownFileType</key>
			<string>wrapper.framework</string>
			<key>name</key>
			<string>CoreLocation.framework</string>
			<key>path</key>
			<string>System/Library/Frameworks/CoreLocation.framework</string>
			<key>sourceTree</key>
			<string>SDKROOT</string>
		</dict>
		<key>2D37BDFA1A822F88009A6562</key>
		<dict>
			<key>fileRef</key>
			<string>2D37BDF91A822F88009A6562</string>
			<key>isa</key>
			<string>PBXBuildFile</string>
		</dict>
		<key>2D37BDFB1A822F92009A6562</key>
		<dict>
			<key>isa</key>
			<string>PBXFileReference</string>
			<key>lastKnownFileType</key>
			<string>wrapper.framework</string>
			<key>name</key>
			<string>GLKit.framework</string>
			<key>path</key>
			<string>System/Library/Frameworks/GLKit.framework</string>
			<key>sourceTree</key>
			<string>SDKROOT</string>
		</dict>
		<key>2D37BDFC1A822F92009A6562</key>
		<dict>
			<key>fileRef</key>
			<string>2D37BDFB1A822F92009A6562</string>
			<key>isa</key>
			<string>PBXBuildFile</string>
		</dict>
		<key>2D37BDFD1A822F9C009A6562</key>
		<dict>
			<key>isa</key>
			<string>PBXFileReference</string>
			<key>lastKnownFileType</key>
			<string>wrapper.framework</string>
			<key>name</key>
			<string>ImageIO.framework</string>
			<key>path</key>
			<string>System/Library/Frameworks/ImageIO.framework</string>
			<key>sourceTree</key>
			<string>SDKROOT</string>
		</dict>
		<key>2D37BDFE1A822F9C009A6562</key>
		<dict>
			<key>fileRef</key>
			<string>2D37BDFD1A822F9C009A6562</string>
			<key>isa</key>
			<string>PBXBuildFile</string>
		</dict>
		<key>2D37BDFF1A822FAB009A6562</key>
		<dict>
			<key>isa</key>
			<string>PBXFileReference</string>
			<key>lastKnownFileType</key>
			<string>compiled.mach-o.dylib</string>
			<key>name</key>
			<string>libc++.dylib</string>
			<key>path</key>
			<string>usr/lib/libc++.dylib</string>
			<key>sourceTree</key>
			<string>SDKROOT</string>
		</dict>
		<key>2D37BE001A822FAB009A6562</key>
		<dict>
			<key>fileRef</key>
			<string>2D37BDFF1A822FAB009A6562</string>
			<key>isa</key>
			<string>PBXBuildFile</string>
		</dict>
		<key>2D37BE011A822FBE009A6562</key>
		<dict>
			<key>isa</key>
			<string>PBXFileReference</string>
			<key>lastKnownFileType</key>
			<string>compiled.mach-o.dylib</string>
			<key>name</key>
			<string>libicucore.dylib</string>
			<key>path</key>
			<string>usr/lib/libicucore.dylib</string>
			<key>sourceTree</key>
			<string>SDKROOT</string>
		</dict>
		<key>2D37BE021A822FBE009A6562</key>
		<dict>
			<key>fileRef</key>
			<string>2D37BE011A822FBE009A6562</string>
			<key>isa</key>
			<string>PBXBuildFile</string>
		</dict>
		<key>2D37BE031A822FCB009A6562</key>
		<dict>
			<key>isa</key>
			<string>PBXFileReference</string>
			<key>lastKnownFileType</key>
			<string>compiled.mach-o.dylib</string>
			<key>name</key>
			<string>libz.dylib</string>
			<key>path</key>
			<string>usr/lib/libz.dylib</string>
			<key>sourceTree</key>
			<string>SDKROOT</string>
		</dict>
		<key>2D37BE041A822FCB009A6562</key>
		<dict>
			<key>fileRef</key>
			<string>2D37BE031A822FCB009A6562</string>
			<key>isa</key>
			<string>PBXBuildFile</string>
		</dict>
		<key>2D37BE051A822FD5009A6562</key>
		<dict>
			<key>isa</key>
			<string>PBXFileReference</string>
			<key>lastKnownFileType</key>
			<string>wrapper.framework</string>
			<key>name</key>
			<string>OpenGLES.framework</string>
			<key>path</key>
			<string>System/Library/Frameworks/OpenGLES.framework</string>
			<key>sourceTree</key>
			<string>SDKROOT</string>
		</dict>
		<key>2D37BE061A822FD5009A6562</key>
		<dict>
			<key>fileRef</key>
			<string>2D37BE051A822FD5009A6562</string>
			<key>isa</key>
			<string>PBXBuildFile</string>
		</dict>
		<key>2D37BE071A822FDF009A6562</key>
		<dict>
			<key>isa</key>
			<string>PBXFileReference</string>
			<key>lastKnownFileType</key>
			<string>wrapper.framework</string>
			<key>name</key>
			<string>QuartzCore.framework</string>
			<key>path</key>
			<string>System/Library/Frameworks/QuartzCore.framework</string>
			<key>sourceTree</key>
			<string>SDKROOT</string>
		</dict>
		<key>2D37BE081A822FDF009A6562</key>
		<dict>
			<key>fileRef</key>
			<string>2D37BE071A822FDF009A6562</string>
			<key>isa</key>
			<string>PBXBuildFile</string>
		</dict>
		<key>2D37BE091A822FEA009A6562</key>
		<dict>
			<key>isa</key>
			<string>PBXFileReference</string>
			<key>lastKnownFileType</key>
			<string>wrapper.framework</string>
			<key>name</key>
			<string>SystemConfiguration.framework</string>
			<key>path</key>
			<string>System/Library/Frameworks/SystemConfiguration.framework</string>
			<key>sourceTree</key>
			<string>SDKROOT</string>
		</dict>
		<key>2D37BE0A1A822FEA009A6562</key>
		<dict>
			<key>fileRef</key>
			<string>2D37BE091A822FEA009A6562</string>
			<key>isa</key>
			<string>PBXBuildFile</string>
		</dict>
		<key>4F921DED369B45159F5FE300</key>
		<dict>
			<key>fileRef</key>
			<string>A7C20CEAB3C542AB9128991B</string>
			<key>isa</key>
			<string>PBXBuildFile</string>
		</dict>
		<key>51A9F1CD1A8AB34400666C23</key>
		<dict>
			<key>fileEncoding</key>
			<string>4</string>
			<key>isa</key>
			<string>PBXFileReference</string>
			<key>lastKnownFileType</key>
			<string>sourcecode.c.h</string>
			<key>path</key>
			<string>VasylKorsiubaViewControllerForTestsViewController.h</string>
			<key>sourceTree</key>
			<string>&lt;group&gt;</string>
		</dict>
		<key>51A9F1CE1A8AB34400666C23</key>
		<dict>
			<key>fileEncoding</key>
			<string>4</string>
			<key>isa</key>
			<string>PBXFileReference</string>
			<key>lastKnownFileType</key>
			<string>sourcecode.c.objc</string>
			<key>path</key>
			<string>VasylKorsiubaViewControllerForTestsViewController.m</string>
			<key>sourceTree</key>
			<string>&lt;group&gt;</string>
		</dict>
		<key>51A9F1CF1A8AB34400666C23</key>
		<dict>
			<key>fileRef</key>
			<string>51A9F1CE1A8AB34400666C23</string>
			<key>isa</key>
			<string>PBXBuildFile</string>
		</dict>
		<key>51B485231A8415EE00BA8AFF</key>
		<dict>
			<key>children</key>
			<array>
				<string>E5A978951A80FE2000D8283B</string>
				<string>E5F27C971A80F9A300121A7E</string>
				<string>E5F27C981A80F9A300121A7E</string>
			</array>
			<key>isa</key>
			<string>PBXGroup</string>
			<key>name</key>
			<string>Fetcher Helper Classes</string>
			<key>sourceTree</key>
			<string>&lt;group&gt;</string>
		</dict>
		<key>51B485241A8415F800BA8AFF</key>
		<dict>
			<key>children</key>
			<array>
				<string>E5F27C931A80F9A300121A7E</string>
				<string>E5F27C941A80F9A300121A7E</string>
				<string>E5F27C951A80F9A300121A7E</string>
				<string>E5F27C961A80F9A300121A7E</string>
				<string>51B485251A8417CB00BA8AFF</string>
				<string>51B485261A8417CB00BA8AFF</string>
				<string>CABBB5241A8A844D0089065B</string>
				<string>CABBB5251A8A844D0089065B</string>
				<string>CABBB5271A8A84690089065B</string>
				<string>CABBB5281A8A84690089065B</string>
				<string>5F17A7831A8B592600C49FA1</string>
				<string>5F17A7841A8B592600C49FA1</string>
				<string>5F17A7851A8B592600C49FA1</string>
				<string>5F17A7861A8B592600C49FA1</string>
			</array>
			<key>isa</key>
			<string>PBXGroup</string>
			<key>name</key>
			<string>Value-Object Classes</string>
			<key>sourceTree</key>
			<string>&lt;group&gt;</string>
		</dict>
		<key>51B485251A8417CB00BA8AFF</key>
		<dict>
			<key>fileEncoding</key>
			<string>4</string>
			<key>isa</key>
			<string>PBXFileReference</string>
			<key>lastKnownFileType</key>
			<string>sourcecode.c.h</string>
			<key>name</key>
			<string>EcomapLoggedUser.h</string>
			<key>path</key>
			<string>Model/EcomapLoggedUser.h</string>
			<key>sourceTree</key>
			<string>&lt;group&gt;</string>
		</dict>
		<key>51B485261A8417CB00BA8AFF</key>
		<dict>
			<key>fileEncoding</key>
			<string>4</string>
			<key>isa</key>
			<string>PBXFileReference</string>
			<key>lastKnownFileType</key>
			<string>sourcecode.c.objc</string>
			<key>name</key>
			<string>EcomapLoggedUser.m</string>
			<key>path</key>
			<string>Model/EcomapLoggedUser.m</string>
			<key>sourceTree</key>
			<string>&lt;group&gt;</string>
		</dict>
		<key>51B485271A8417CB00BA8AFF</key>
		<dict>
			<key>fileRef</key>
			<string>51B485261A8417CB00BA8AFF</string>
			<key>isa</key>
			<string>PBXBuildFile</string>
		</dict>
		<key>5F17A7831A8B592600C49FA1</key>
		<dict>
			<key>fileEncoding</key>
			<string>4</string>
			<key>isa</key>
			<string>PBXFileReference</string>
			<key>lastKnownFileType</key>
			<string>sourcecode.c.h</string>
			<key>path</key>
			<string>EcomapResources.h</string>
			<key>sourceTree</key>
			<string>&lt;group&gt;</string>
		</dict>
		<key>5F17A7841A8B592600C49FA1</key>
		<dict>
			<key>fileEncoding</key>
			<string>4</string>
			<key>isa</key>
			<string>PBXFileReference</string>
			<key>lastKnownFileType</key>
			<string>sourcecode.c.objc</string>
			<key>path</key>
			<string>EcomapResources.m</string>
			<key>sourceTree</key>
			<string>&lt;group&gt;</string>
		</dict>
		<key>5F17A7851A8B592600C49FA1</key>
		<dict>
			<key>fileEncoding</key>
			<string>4</string>
			<key>isa</key>
			<string>PBXFileReference</string>
			<key>lastKnownFileType</key>
			<string>sourcecode.c.h</string>
			<key>path</key>
			<string>EcomapAlias.h</string>
			<key>sourceTree</key>
			<string>&lt;group&gt;</string>
		</dict>
		<key>5F17A7861A8B592600C49FA1</key>
		<dict>
			<key>fileEncoding</key>
			<string>4</string>
			<key>isa</key>
			<string>PBXFileReference</string>
			<key>lastKnownFileType</key>
			<string>sourcecode.c.objc</string>
			<key>path</key>
			<string>EcomapAlias.m</string>
			<key>sourceTree</key>
			<string>&lt;group&gt;</string>
		</dict>
		<key>5F17A7871A8B592600C49FA1</key>
		<dict>
			<key>fileRef</key>
			<string>5F17A7841A8B592600C49FA1</string>
			<key>isa</key>
			<string>PBXBuildFile</string>
		</dict>
		<key>5F17A7881A8B592600C49FA1</key>
		<dict>
			<key>fileRef</key>
			<string>5F17A7861A8B592600C49FA1</string>
			<key>isa</key>
			<string>PBXBuildFile</string>
		</dict>
		<key>5F17A7891A8B596900C49FA1</key>
		<dict>
			<key>fileEncoding</key>
			<string>4</string>
			<key>isa</key>
			<string>PBXFileReference</string>
			<key>lastKnownFileType</key>
			<string>sourcecode.c.objc</string>
			<key>path</key>
			<string>ResourceCell.m</string>
			<key>sourceTree</key>
			<string>&lt;group&gt;</string>
		</dict>
		<key>5F17A78A1A8B596900C49FA1</key>
		<dict>
			<key>fileEncoding</key>
			<string>4</string>
			<key>isa</key>
			<string>PBXFileReference</string>
			<key>lastKnownFileType</key>
			<string>sourcecode.c.h</string>
			<key>path</key>
			<string>ResourceDetails.h</string>
			<key>sourceTree</key>
			<string>&lt;group&gt;</string>
		</dict>
		<key>5F17A78B1A8B596900C49FA1</key>
		<dict>
			<key>fileEncoding</key>
			<string>4</string>
			<key>isa</key>
			<string>PBXFileReference</string>
			<key>lastKnownFileType</key>
			<string>sourcecode.c.objc</string>
			<key>path</key>
			<string>ResourceDetails.m</string>
			<key>sourceTree</key>
			<string>&lt;group&gt;</string>
		</dict>
		<key>5F17A78C1A8B596900C49FA1</key>
		<dict>
			<key>fileRef</key>
			<string>5F17A7891A8B596900C49FA1</string>
			<key>isa</key>
			<string>PBXBuildFile</string>
		</dict>
		<key>5F17A78D1A8B596900C49FA1</key>
		<dict>
			<key>fileRef</key>
			<string>5F17A78B1A8B596900C49FA1</string>
			<key>isa</key>
			<string>PBXBuildFile</string>
		</dict>
		<key>5F17A78E1A8B597900C49FA1</key>
		<dict>
			<key>isa</key>
			<string>PBXFileReference</string>
			<key>lastKnownFileType</key>
			<string>sourcecode.c.h</string>
			<key>path</key>
			<string>ResourceCell.h</string>
			<key>sourceTree</key>
			<string>&lt;group&gt;</string>
		</dict>
		<key>90AE1B7A1A84BD3E0009F641</key>
		<dict>
			<key>fileEncoding</key>
			<string>4</string>
			<key>isa</key>
			<string>PBXFileReference</string>
			<key>lastKnownFileType</key>
			<string>sourcecode.c.h</string>
			<key>path</key>
			<string>ProblemsTopListTVC.h</string>
			<key>sourceTree</key>
			<string>&lt;group&gt;</string>
		</dict>
		<key>90AE1B7B1A84BD3E0009F641</key>
		<dict>
			<key>fileEncoding</key>
			<string>4</string>
			<key>isa</key>
			<string>PBXFileReference</string>
			<key>lastKnownFileType</key>
			<string>sourcecode.c.objc</string>
			<key>path</key>
			<string>ProblemsTopListTVC.m</string>
			<key>sourceTree</key>
			<string>&lt;group&gt;</string>
		</dict>
		<key>90AE1B7C1A84BD3E0009F641</key>
		<dict>
			<key>fileEncoding</key>
			<string>4</string>
			<key>isa</key>
			<string>PBXFileReference</string>
			<key>lastKnownFileType</key>
			<string>sourcecode.c.h</string>
			<key>path</key>
			<string>PieChartViewController.h</string>
			<key>sourceTree</key>
			<string>&lt;group&gt;</string>
		</dict>
		<key>90AE1B7D1A84BD3E0009F641</key>
		<dict>
			<key>fileEncoding</key>
			<string>4</string>
			<key>isa</key>
			<string>PBXFileReference</string>
			<key>lastKnownFileType</key>
			<string>sourcecode.c.objc</string>
			<key>path</key>
			<string>PieChartViewController.m</string>
			<key>sourceTree</key>
			<string>&lt;group&gt;</string>
		</dict>
		<key>90AE1B7E1A84BD3E0009F641</key>
		<dict>
			<key>fileRef</key>
			<string>90AE1B7B1A84BD3E0009F641</string>
			<key>isa</key>
			<string>PBXBuildFile</string>
		</dict>
		<key>90AE1B7F1A84BD3E0009F641</key>
		<dict>
			<key>fileRef</key>
			<string>90AE1B7D1A84BD3E0009F641</string>
			<key>isa</key>
			<string>PBXBuildFile</string>
		</dict>
		<key>90AE1B801A84BD730009F641</key>
		<dict>
			<key>children</key>
			<array>
				<string>90AE1B811A84BD730009F641</string>
				<string>90AE1B821A84BD730009F641</string>
			</array>
			<key>isa</key>
			<string>PBXGroup</string>
			<key>path</key>
			<string>XYPieChart</string>
			<key>sourceTree</key>
			<string>&lt;group&gt;</string>
		</dict>
		<key>90AE1B811A84BD730009F641</key>
		<dict>
			<key>fileEncoding</key>
			<string>4</string>
			<key>isa</key>
			<string>PBXFileReference</string>
			<key>lastKnownFileType</key>
			<string>sourcecode.c.h</string>
			<key>path</key>
			<string>XYPieChart.h</string>
			<key>sourceTree</key>
			<string>&lt;group&gt;</string>
		</dict>
		<key>90AE1B821A84BD730009F641</key>
		<dict>
			<key>fileEncoding</key>
			<string>4</string>
			<key>isa</key>
			<string>PBXFileReference</string>
			<key>lastKnownFileType</key>
			<string>sourcecode.c.objc</string>
			<key>path</key>
			<string>XYPieChart.m</string>
			<key>sourceTree</key>
			<string>&lt;group&gt;</string>
		</dict>
		<key>90AE1B831A84BD730009F641</key>
		<dict>
			<key>fileRef</key>
			<string>90AE1B821A84BD730009F641</string>
			<key>isa</key>
			<string>PBXBuildFile</string>
		</dict>
		<key>90AE1B841A84BE5D0009F641</key>
		<dict>
			<key>fileEncoding</key>
			<string>4</string>
			<key>isa</key>
			<string>PBXFileReference</string>
			<key>lastKnownFileType</key>
			<string>sourcecode.c.h</string>
			<key>path</key>
			<string>EcomapStatsFetcher.h</string>
			<key>sourceTree</key>
			<string>&lt;group&gt;</string>
		</dict>
		<key>90AE1B851A84BE5D0009F641</key>
		<dict>
			<key>fileEncoding</key>
			<string>4</string>
			<key>isa</key>
			<string>PBXFileReference</string>
			<key>lastKnownFileType</key>
			<string>sourcecode.c.objc</string>
			<key>path</key>
			<string>EcomapStatsFetcher.m</string>
			<key>sourceTree</key>
			<string>&lt;group&gt;</string>
		</dict>
		<key>90AE1B861A84BE5D0009F641</key>
		<dict>
			<key>fileRef</key>
			<string>90AE1B851A84BE5D0009F641</string>
			<key>isa</key>
			<string>PBXBuildFile</string>
		</dict>
		<key>90FF71B41A88D75600991A65</key>
		<dict>
			<key>fileEncoding</key>
			<string>4</string>
			<key>isa</key>
			<string>PBXFileReference</string>
			<key>lastKnownFileType</key>
			<string>sourcecode.c.h</string>
			<key>path</key>
			<string>EcomapStatsParser.h</string>
			<key>sourceTree</key>
			<string>&lt;group&gt;</string>
		</dict>
		<key>90FF71B51A88D75600991A65</key>
		<dict>
			<key>fileEncoding</key>
			<string>4</string>
			<key>isa</key>
			<string>PBXFileReference</string>
			<key>lastKnownFileType</key>
			<string>sourcecode.c.objc</string>
			<key>path</key>
			<string>EcomapStatsParser.m</string>
			<key>sourceTree</key>
			<string>&lt;group&gt;</string>
		</dict>
		<key>90FF71B61A88D75600991A65</key>
		<dict>
			<key>fileRef</key>
			<string>90FF71B51A88D75600991A65</string>
			<key>isa</key>
			<string>PBXBuildFile</string>
		</dict>
		<key>98A59A5C8A9142EB90019505</key>
		<dict>
			<key>buildActionMask</key>
			<string>2147483647</string>
			<key>files</key>
			<array/>
			<key>inputPaths</key>
			<array/>
			<key>isa</key>
			<string>PBXShellScriptBuildPhase</string>
			<key>name</key>
			<string>Check Pods Manifest.lock</string>
			<key>outputPaths</key>
			<array/>
			<key>runOnlyForDeploymentPostprocessing</key>
			<string>0</string>
			<key>shellPath</key>
			<string>/bin/sh</string>
			<key>shellScript</key>
			<string>diff "${PODS_ROOT}/../Podfile.lock" "${PODS_ROOT}/Manifest.lock" &gt; /dev/null
if [[ $? != 0 ]] ; then
    cat &lt;&lt; EOM
error: The sandbox is not in sync with the Podfile.lock. Run 'pod install' or update your CocoaPods installation.
EOM
    exit 1
fi
</string>
			<key>showEnvVarsInLog</key>
			<string>0</string>
		</dict>
		<key>A7C20CEAB3C542AB9128991B</key>
		<dict>
			<key>explicitFileType</key>
			<string>archive.ar</string>
			<key>includeInIndex</key>
			<string>0</string>
			<key>isa</key>
			<string>PBXFileReference</string>
			<key>path</key>
			<string>libPods.a</string>
			<key>sourceTree</key>
			<string>BUILT_PRODUCTS_DIR</string>
		</dict>
		<key>B323B5781A89F8FF00D02E2D</key>
		<dict>
			<key>fileEncoding</key>
			<string>4</string>
			<key>isa</key>
			<string>PBXFileReference</string>
			<key>lastKnownFileType</key>
			<string>sourcecode.c.h</string>
			<key>path</key>
			<string>AddProblemViewController.h</string>
			<key>sourceTree</key>
			<string>&lt;group&gt;</string>
		</dict>
		<key>B323B5791A89F8FF00D02E2D</key>
		<dict>
			<key>fileEncoding</key>
			<string>4</string>
			<key>isa</key>
			<string>PBXFileReference</string>
			<key>lastKnownFileType</key>
			<string>sourcecode.c.objc</string>
			<key>path</key>
			<string>AddProblemViewController.m</string>
			<key>sourceTree</key>
			<string>&lt;group&gt;</string>
		</dict>
		<key>B323B57A1A89F8FF00D02E2D</key>
		<dict>
			<key>fileRef</key>
			<string>B323B5791A89F8FF00D02E2D</string>
			<key>isa</key>
			<string>PBXBuildFile</string>
		</dict>
		<key>B3488A6B1A8A027A00BDAF84</key>
		<dict>
			<key>fileEncoding</key>
			<string>4</string>
			<key>isa</key>
			<string>PBXFileReference</string>
			<key>lastKnownFileType</key>
			<string>file.xib</string>
			<key>path</key>
			<string>AddProblemNavigationView.xib</string>
			<key>sourceTree</key>
			<string>&lt;group&gt;</string>
		</dict>
		<key>B3488A6C1A8A027A00BDAF84</key>
		<dict>
			<key>fileRef</key>
			<string>B3488A6B1A8A027A00BDAF84</string>
			<key>isa</key>
			<string>PBXBuildFile</string>
		</dict>
		<key>B35343101A7F73ED00DD2F03</key>
		<dict>
			<key>children</key>
			<array>
				<string>B353431B1A7F73ED00DD2F03</string>
				<string>B35343381A7F73ED00DD2F03</string>
				<string>B353431A1A7F73ED00DD2F03</string>
				<string>B388FF011A7F884A009C421C</string>
				<string>D1DCCC2237B644F4B5B1CC67</string>
			</array>
			<key>isa</key>
			<string>PBXGroup</string>
			<key>sourceTree</key>
			<string>&lt;group&gt;</string>
		</dict>
		<key>B35343111A7F73ED00DD2F03</key>
		<dict>
			<key>attributes</key>
			<dict>
				<key>LastUpgradeCheck</key>
				<string>0620</string>
				<key>ORGANIZATIONNAME</key>
				<string>SoftServe</string>
				<key>TargetAttributes</key>
				<dict>
					<key>B35343181A7F73ED00DD2F03</key>
					<dict>
						<key>CreatedOnToolsVersion</key>
						<string>6.2</string>
					</dict>
					<key>B35343341A7F73ED00DD2F03</key>
					<dict>
						<key>CreatedOnToolsVersion</key>
						<string>6.2</string>
						<key>TestTargetID</key>
						<string>B35343181A7F73ED00DD2F03</string>
					</dict>
				</dict>
			</dict>
			<key>buildConfigurationList</key>
			<string>B35343141A7F73ED00DD2F03</string>
			<key>compatibilityVersion</key>
			<string>Xcode 3.2</string>
			<key>developmentRegion</key>
			<string>English</string>
			<key>hasScannedForEncodings</key>
			<string>0</string>
			<key>isa</key>
			<string>PBXProject</string>
			<key>knownRegions</key>
			<array>
				<string>en</string>
				<string>Base</string>
			</array>
			<key>mainGroup</key>
			<string>B35343101A7F73ED00DD2F03</string>
			<key>productRefGroup</key>
			<string>B353431A1A7F73ED00DD2F03</string>
			<key>projectDirPath</key>
			<string></string>
			<key>projectReferences</key>
			<array/>
			<key>projectRoot</key>
			<string></string>
			<key>targets</key>
			<array>
				<string>B35343181A7F73ED00DD2F03</string>
				<string>B35343341A7F73ED00DD2F03</string>
			</array>
		</dict>
		<key>B35343141A7F73ED00DD2F03</key>
		<dict>
			<key>buildConfigurations</key>
			<array>
				<string>B353433D1A7F73ED00DD2F03</string>
				<string>B353433E1A7F73ED00DD2F03</string>
			</array>
			<key>defaultConfigurationIsVisible</key>
			<string>0</string>
			<key>defaultConfigurationName</key>
			<string>Release</string>
			<key>isa</key>
			<string>XCConfigurationList</string>
		</dict>
		<key>B35343151A7F73ED00DD2F03</key>
		<dict>
			<key>buildActionMask</key>
			<string>2147483647</string>
			<key>files</key>
			<array>
				<string>B35343251A7F73ED00DD2F03</string>
				<string>CABBB5121A853D400089065B</string>
				<string>CABBB5221A853D6F0089065B</string>
				<string>CABBB5131A853D400089065B</string>
				<string>12B47F281A83A142008FAF8D</string>
				<string>CABBB5231A853D6F0089065B</string>
				<string>B35343221A7F73ED00DD2F03</string>
				<string>B323B57A1A89F8FF00D02E2D</string>
				<string>CABBB5181A853D400089065B</string>
				<string>51B485271A8417CB00BA8AFF</string>
				<string>90FF71B61A88D75600991A65</string>
				<string>90AE1B7F1A84BD3E0009F641</string>
				<string>5F17A7871A8B592600C49FA1</string>
				<string>B353434A1A7F758000DD2F03</string>
				<string>CABBB5141A853D400089065B</string>
				<string>B35343281A7F73ED00DD2F03</string>
				<string>CABBB5171A853D400089065B</string>
				<string>5F17A78C1A8B596900C49FA1</string>
				<string>5F17A7881A8B592600C49FA1</string>
				<string>CABBB5161A853D400089065B</string>
				<string>B388FF081A7F905B009C421C</string>
				<string>E5F27C991A80F9A300121A7E</string>
				<string>CABBB5191A853D400089065B</string>
				<string>B388FF001A7F8832009C421C</string>
				<string>E5F27C9A1A80F9A300121A7E</string>
				<string>B353434D1A7F778000DD2F03</string>
				<string>90AE1B861A84BE5D0009F641</string>
				<string>CABBB5291A8A84690089065B</string>
				<string>CABBB5151A853D400089065B</string>
				<string>51A9F1CF1A8AB34400666C23</string>
				<string>90AE1B7E1A84BD3E0009F641</string>
				<string>B388FF051A7F8AFF009C421C</string>
				<string>90AE1B831A84BD730009F641</string>
				<string>B35343501A7F78A200DD2F03</string>
				<string>E5F27C9B1A80F9A300121A7E</string>
				<string>5F17A78D1A8B596900C49FA1</string>
				<string>E5F27C9C1A80F9A300121A7E</string>
				<string>CABBB5261A8A844D0089065B</string>
				<string>B353431F1A7F73ED00DD2F03</string>
			</array>
			<key>isa</key>
			<string>PBXSourcesBuildPhase</string>
			<key>runOnlyForDeploymentPostprocessing</key>
			<string>0</string>
		</dict>
		<key>B35343161A7F73ED00DD2F03</key>
		<dict>
			<key>buildActionMask</key>
			<string>2147483647</string>
			<key>files</key>
			<array>
				<string>2D37BE0A1A822FEA009A6562</string>
				<string>2D37BE081A822FDF009A6562</string>
				<string>2D37BE061A822FD5009A6562</string>
				<string>2D37BE041A822FCB009A6562</string>
				<string>2D37BE021A822FBE009A6562</string>
				<string>2D37BE001A822FAB009A6562</string>
				<string>2D37BDFE1A822F9C009A6562</string>
				<string>2D37BDFC1A822F92009A6562</string>
				<string>2D37BDFA1A822F88009A6562</string>
				<string>2D37BDF81A822F7F009A6562</string>
				<string>2D37BDF61A822F74009A6562</string>
				<string>2D37BDF21A822EF0009A6562</string>
				<string>B388FEFD1A7F863F009C421C</string>
				<string>4F921DED369B45159F5FE300</string>
			</array>
			<key>isa</key>
			<string>PBXFrameworksBuildPhase</string>
			<key>runOnlyForDeploymentPostprocessing</key>
			<string>0</string>
		</dict>
		<key>B35343171A7F73ED00DD2F03</key>
		<dict>
			<key>buildActionMask</key>
			<string>2147483647</string>
			<key>files</key>
			<array>
				<string>B3A8D08F1A85545600017BAE</string>
				<string>B3A8D0851A85414C00017BAE</string>
				<string>B353432B1A7F73ED00DD2F03</string>
				<string>B3C56A4F1A8A169000877227</string>
				<string>B35343301A7F73ED00DD2F03</string>
				<string>B3A8D0871A85439500017BAE</string>
				<string>B3A8D08D1A85541800017BAE</string>
				<string>B353432D1A7F73ED00DD2F03</string>
				<string>B3A8D0891A8553E500017BAE</string>
				<string>2D37BDF41A822F37009A6562</string>
				<string>B3488A6C1A8A027A00BDAF84</string>
				<string>B3A8D08B1A85540C00017BAE</string>
			</array>
			<key>isa</key>
			<string>PBXResourcesBuildPhase</string>
			<key>runOnlyForDeploymentPostprocessing</key>
			<string>0</string>
		</dict>
		<key>B35343181A7F73ED00DD2F03</key>
		<dict>
			<key>buildConfigurationList</key>
			<string>B353433F1A7F73ED00DD2F03</string>
			<key>buildPhases</key>
			<array>
				<string>98A59A5C8A9142EB90019505</string>
				<string>B35343151A7F73ED00DD2F03</string>
				<string>B35343161A7F73ED00DD2F03</string>
				<string>B35343171A7F73ED00DD2F03</string>
				<string>E1B10EFF80B04715B494B3FF</string>
			</array>
			<key>buildRules</key>
			<array/>
			<key>dependencies</key>
			<array/>
			<key>isa</key>
			<string>PBXNativeTarget</string>
			<key>name</key>
			<string>ecomap</string>
			<key>productName</key>
			<string>ecomap</string>
			<key>productReference</key>
			<string>B35343191A7F73ED00DD2F03</string>
			<key>productType</key>
			<string>com.apple.product-type.application</string>
		</dict>
		<key>B35343191A7F73ED00DD2F03</key>
		<dict>
			<key>explicitFileType</key>
			<string>wrapper.application</string>
			<key>includeInIndex</key>
			<string>0</string>
			<key>isa</key>
			<string>PBXFileReference</string>
			<key>path</key>
			<string>ecomap.app</string>
			<key>sourceTree</key>
			<string>BUILT_PRODUCTS_DIR</string>
		</dict>
		<key>B353431A1A7F73ED00DD2F03</key>
		<dict>
			<key>children</key>
			<array>
				<string>B35343191A7F73ED00DD2F03</string>
				<string>B35343351A7F73ED00DD2F03</string>
			</array>
			<key>isa</key>
			<string>PBXGroup</string>
			<key>name</key>
			<string>Products</string>
			<key>sourceTree</key>
			<string>&lt;group&gt;</string>
		</dict>
		<key>B353431B1A7F73ED00DD2F03</key>
		<dict>
			<key>children</key>
			<array>
				<string>CABBB4FB1A853D400089065B</string>
				<string>E5F27C901A80F98D00121A7E</string>
				<string>B35343291A7F73ED00DD2F03</string>
				<string>B388FF061A7F905B009C421C</string>
				<string>B388FF071A7F905B009C421C</string>
				<string>B35343261A7F73ED00DD2F03</string>
				<string>B35343271A7F73ED00DD2F03</string>
				<string>B323B5781A89F8FF00D02E2D</string>
				<string>B323B5791A89F8FF00D02E2D</string>
				<string>B353434E1A7F78A200DD2F03</string>
				<string>B353434F1A7F78A200DD2F03</string>
				<string>90AE1B7A1A84BD3E0009F641</string>
				<string>90AE1B7B1A84BD3E0009F641</string>
				<string>90AE1B7C1A84BD3E0009F641</string>
				<string>90AE1B7D1A84BD3E0009F641</string>
				<string>51A9F1CD1A8AB34400666C23</string>
				<string>51A9F1CE1A8AB34400666C23</string>
				<string>B388FF031A7F8AFF009C421C</string>
				<string>B388FF041A7F8AFF009C421C</string>
				<string>5F17A78E1A8B597900C49FA1</string>
				<string>5F17A7891A8B596900C49FA1</string>
				<string>5F17A78A1A8B596900C49FA1</string>
				<string>5F17A78B1A8B596900C49FA1</string>
				<string>B3A8D0901A85545D00017BAE</string>
				<string>90AE1B801A84BD730009F641</string>
				<string>12B47F261A83A142008FAF8D</string>
				<string>12B47F271A83A142008FAF8D</string>
				<string>B388FF021A7F89D5009C421C</string>
				<string>B35343471A7F758000DD2F03</string>
				<string>B353431C1A7F73ED00DD2F03</string>
			</array>
			<key>isa</key>
			<string>PBXGroup</string>
			<key>path</key>
			<string>ecomap</string>
			<key>sourceTree</key>
			<string>&lt;group&gt;</string>
		</dict>
		<key>B353431C1A7F73ED00DD2F03</key>
		<dict>
			<key>children</key>
			<array>
				<string>B3A8D0831A853FFF00017BAE</string>
				<string>B35343201A7F73ED00DD2F03</string>
				<string>B3C56A4E1A8A169000877227</string>
				<string>B35343211A7F73ED00DD2F03</string>
				<string>B353432C1A7F73ED00DD2F03</string>
				<string>B353432E1A7F73ED00DD2F03</string>
				<string>B35343231A7F73ED00DD2F03</string>
				<string>B353431D1A7F73ED00DD2F03</string>
				<string>B353431E1A7F73ED00DD2F03</string>
			</array>
			<key>isa</key>
			<string>PBXGroup</string>
			<key>name</key>
			<string>Supporting Files</string>
			<key>sourceTree</key>
			<string>&lt;group&gt;</string>
		</dict>
		<key>B353431D1A7F73ED00DD2F03</key>
		<dict>
			<key>isa</key>
			<string>PBXFileReference</string>
			<key>lastKnownFileType</key>
			<string>text.plist.xml</string>
			<key>path</key>
			<string>Info.plist</string>
			<key>sourceTree</key>
			<string>&lt;group&gt;</string>
		</dict>
		<key>B353431E1A7F73ED00DD2F03</key>
		<dict>
			<key>isa</key>
			<string>PBXFileReference</string>
			<key>lastKnownFileType</key>
			<string>sourcecode.c.objc</string>
			<key>path</key>
			<string>main.m</string>
			<key>sourceTree</key>
			<string>&lt;group&gt;</string>
		</dict>
		<key>B353431F1A7F73ED00DD2F03</key>
		<dict>
			<key>fileRef</key>
			<string>B353431E1A7F73ED00DD2F03</string>
			<key>isa</key>
			<string>PBXBuildFile</string>
		</dict>
		<key>B35343201A7F73ED00DD2F03</key>
		<dict>
			<key>isa</key>
			<string>PBXFileReference</string>
			<key>lastKnownFileType</key>
			<string>sourcecode.c.h</string>
			<key>path</key>
			<string>AppDelegate.h</string>
			<key>sourceTree</key>
			<string>&lt;group&gt;</string>
		</dict>
		<key>B35343211A7F73ED00DD2F03</key>
		<dict>
			<key>isa</key>
			<string>PBXFileReference</string>
			<key>lastKnownFileType</key>
			<string>sourcecode.c.objc</string>
			<key>path</key>
			<string>AppDelegate.m</string>
			<key>sourceTree</key>
			<string>&lt;group&gt;</string>
		</dict>
		<key>B35343221A7F73ED00DD2F03</key>
		<dict>
			<key>fileRef</key>
			<string>B35343211A7F73ED00DD2F03</string>
			<key>isa</key>
			<string>PBXBuildFile</string>
		</dict>
		<key>B35343231A7F73ED00DD2F03</key>
		<dict>
			<key>children</key>
			<array>
				<string>B35343241A7F73ED00DD2F03</string>
			</array>
			<key>currentVersion</key>
			<string>B35343241A7F73ED00DD2F03</string>
			<key>isa</key>
			<string>XCVersionGroup</string>
			<key>path</key>
			<string>ecomap.xcdatamodeld</string>
			<key>sourceTree</key>
			<string>&lt;group&gt;</string>
			<key>versionGroupType</key>
			<string>wrapper.xcdatamodel</string>
		</dict>
		<key>B35343241A7F73ED00DD2F03</key>
		<dict>
			<key>isa</key>
			<string>PBXFileReference</string>
			<key>lastKnownFileType</key>
			<string>wrapper.xcdatamodel</string>
			<key>path</key>
			<string>ecomap.xcdatamodel</string>
			<key>sourceTree</key>
			<string>&lt;group&gt;</string>
		</dict>
		<key>B35343251A7F73ED00DD2F03</key>
		<dict>
			<key>fileRef</key>
			<string>B35343231A7F73ED00DD2F03</string>
			<key>isa</key>
			<string>PBXBuildFile</string>
		</dict>
		<key>B35343261A7F73ED00DD2F03</key>
		<dict>
			<key>isa</key>
			<string>PBXFileReference</string>
			<key>lastKnownFileType</key>
			<string>sourcecode.c.h</string>
			<key>path</key>
			<string>MapViewController.h</string>
			<key>sourceTree</key>
			<string>&lt;group&gt;</string>
		</dict>
		<key>B35343271A7F73ED00DD2F03</key>
		<dict>
			<key>isa</key>
			<string>PBXFileReference</string>
			<key>lastKnownFileType</key>
			<string>sourcecode.c.objc</string>
			<key>path</key>
			<string>MapViewController.m</string>
			<key>sourceTree</key>
			<string>&lt;group&gt;</string>
		</dict>
		<key>B35343281A7F73ED00DD2F03</key>
		<dict>
			<key>fileRef</key>
			<string>B35343271A7F73ED00DD2F03</string>
			<key>isa</key>
			<string>PBXBuildFile</string>
		</dict>
		<key>B35343291A7F73ED00DD2F03</key>
		<dict>
			<key>children</key>
			<array>
				<string>B353432A1A7F73ED00DD2F03</string>
			</array>
			<key>isa</key>
			<string>PBXVariantGroup</string>
			<key>name</key>
			<string>Main.storyboard</string>
			<key>sourceTree</key>
			<string>&lt;group&gt;</string>
		</dict>
		<key>B353432A1A7F73ED00DD2F03</key>
		<dict>
			<key>isa</key>
			<string>PBXFileReference</string>
			<key>lastKnownFileType</key>
			<string>file.storyboard</string>
			<key>name</key>
			<string>Base</string>
			<key>path</key>
			<string>Base.lproj/Main.storyboard</string>
			<key>sourceTree</key>
			<string>&lt;group&gt;</string>
		</dict>
		<key>B353432B1A7F73ED00DD2F03</key>
		<dict>
			<key>fileRef</key>
			<string>B35343291A7F73ED00DD2F03</string>
			<key>isa</key>
			<string>PBXBuildFile</string>
		</dict>
		<key>B353432C1A7F73ED00DD2F03</key>
		<dict>
			<key>isa</key>
			<string>PBXFileReference</string>
			<key>lastKnownFileType</key>
			<string>folder.assetcatalog</string>
			<key>path</key>
			<string>Images.xcassets</string>
			<key>sourceTree</key>
			<string>&lt;group&gt;</string>
		</dict>
		<key>B353432D1A7F73ED00DD2F03</key>
		<dict>
			<key>fileRef</key>
			<string>B353432C1A7F73ED00DD2F03</string>
			<key>isa</key>
			<string>PBXBuildFile</string>
		</dict>
		<key>B353432E1A7F73ED00DD2F03</key>
		<dict>
			<key>children</key>
			<array>
				<string>B353432F1A7F73ED00DD2F03</string>
			</array>
			<key>isa</key>
			<string>PBXVariantGroup</string>
			<key>name</key>
			<string>LaunchScreen.xib</string>
			<key>sourceTree</key>
			<string>&lt;group&gt;</string>
		</dict>
		<key>B353432F1A7F73ED00DD2F03</key>
		<dict>
			<key>isa</key>
			<string>PBXFileReference</string>
			<key>lastKnownFileType</key>
			<string>file.xib</string>
			<key>name</key>
			<string>Base</string>
			<key>path</key>
			<string>Base.lproj/LaunchScreen.xib</string>
			<key>sourceTree</key>
			<string>&lt;group&gt;</string>
		</dict>
		<key>B35343301A7F73ED00DD2F03</key>
		<dict>
			<key>fileRef</key>
			<string>B353432E1A7F73ED00DD2F03</string>
			<key>isa</key>
			<string>PBXBuildFile</string>
		</dict>
		<key>B35343311A7F73ED00DD2F03</key>
		<dict>
			<key>buildActionMask</key>
			<string>2147483647</string>
			<key>files</key>
			<array>
				<string>B353433C1A7F73ED00DD2F03</string>
			</array>
			<key>isa</key>
			<string>PBXSourcesBuildPhase</string>
			<key>runOnlyForDeploymentPostprocessing</key>
			<string>0</string>
		</dict>
		<key>B35343321A7F73ED00DD2F03</key>
		<dict>
			<key>buildActionMask</key>
			<string>2147483647</string>
			<key>files</key>
			<array/>
			<key>isa</key>
			<string>PBXFrameworksBuildPhase</string>
			<key>runOnlyForDeploymentPostprocessing</key>
			<string>0</string>
		</dict>
		<key>B35343331A7F73ED00DD2F03</key>
		<dict>
			<key>buildActionMask</key>
			<string>2147483647</string>
			<key>files</key>
			<array/>
			<key>isa</key>
			<string>PBXResourcesBuildPhase</string>
			<key>runOnlyForDeploymentPostprocessing</key>
			<string>0</string>
		</dict>
		<key>B35343341A7F73ED00DD2F03</key>
		<dict>
			<key>buildConfigurationList</key>
			<string>B35343421A7F73ED00DD2F03</string>
			<key>buildPhases</key>
			<array>
				<string>B35343311A7F73ED00DD2F03</string>
				<string>B35343321A7F73ED00DD2F03</string>
				<string>B35343331A7F73ED00DD2F03</string>
			</array>
			<key>buildRules</key>
			<array/>
			<key>dependencies</key>
			<array>
				<string>B35343371A7F73ED00DD2F03</string>
			</array>
			<key>isa</key>
			<string>PBXNativeTarget</string>
			<key>name</key>
			<string>ecomapTests</string>
			<key>productName</key>
			<string>ecomapTests</string>
			<key>productReference</key>
			<string>B35343351A7F73ED00DD2F03</string>
			<key>productType</key>
			<string>com.apple.product-type.bundle.unit-test</string>
		</dict>
		<key>B35343351A7F73ED00DD2F03</key>
		<dict>
			<key>explicitFileType</key>
			<string>wrapper.cfbundle</string>
			<key>includeInIndex</key>
			<string>0</string>
			<key>isa</key>
			<string>PBXFileReference</string>
			<key>path</key>
			<string>ecomapTests.xctest</string>
			<key>sourceTree</key>
			<string>BUILT_PRODUCTS_DIR</string>
		</dict>
		<key>B35343361A7F73ED00DD2F03</key>
		<dict>
			<key>containerPortal</key>
			<string>B35343111A7F73ED00DD2F03</string>
			<key>isa</key>
			<string>PBXContainerItemProxy</string>
			<key>proxyType</key>
			<string>1</string>
			<key>remoteGlobalIDString</key>
			<string>B35343181A7F73ED00DD2F03</string>
			<key>remoteInfo</key>
			<string>ecomap</string>
		</dict>
		<key>B35343371A7F73ED00DD2F03</key>
		<dict>
			<key>isa</key>
			<string>PBXTargetDependency</string>
			<key>target</key>
			<string>B35343181A7F73ED00DD2F03</string>
			<key>targetProxy</key>
			<string>B35343361A7F73ED00DD2F03</string>
		</dict>
		<key>B35343381A7F73ED00DD2F03</key>
		<dict>
			<key>children</key>
			<array>
				<string>B353433B1A7F73ED00DD2F03</string>
				<string>B35343391A7F73ED00DD2F03</string>
			</array>
			<key>isa</key>
			<string>PBXGroup</string>
			<key>path</key>
			<string>ecomapTests</string>
			<key>sourceTree</key>
			<string>&lt;group&gt;</string>
		</dict>
		<key>B35343391A7F73ED00DD2F03</key>
		<dict>
			<key>children</key>
			<array>
				<string>B353433A1A7F73ED00DD2F03</string>
			</array>
			<key>isa</key>
			<string>PBXGroup</string>
			<key>name</key>
			<string>Supporting Files</string>
			<key>sourceTree</key>
			<string>&lt;group&gt;</string>
		</dict>
		<key>B353433A1A7F73ED00DD2F03</key>
		<dict>
			<key>isa</key>
			<string>PBXFileReference</string>
			<key>lastKnownFileType</key>
			<string>text.plist.xml</string>
			<key>path</key>
			<string>Info.plist</string>
			<key>sourceTree</key>
			<string>&lt;group&gt;</string>
		</dict>
		<key>B353433B1A7F73ED00DD2F03</key>
		<dict>
			<key>isa</key>
			<string>PBXFileReference</string>
			<key>lastKnownFileType</key>
			<string>sourcecode.c.objc</string>
			<key>path</key>
			<string>ecomapTests.m</string>
			<key>sourceTree</key>
			<string>&lt;group&gt;</string>
		</dict>
		<key>B353433C1A7F73ED00DD2F03</key>
		<dict>
			<key>fileRef</key>
			<string>B353433B1A7F73ED00DD2F03</string>
			<key>isa</key>
			<string>PBXBuildFile</string>
		</dict>
		<key>B353433D1A7F73ED00DD2F03</key>
		<dict>
			<key>buildSettings</key>
			<dict>
				<key>ALWAYS_SEARCH_USER_PATHS</key>
				<string>NO</string>
				<key>CLANG_CXX_LANGUAGE_STANDARD</key>
				<string>gnu++0x</string>
				<key>CLANG_CXX_LIBRARY</key>
				<string>libc++</string>
				<key>CLANG_ENABLE_MODULES</key>
				<string>YES</string>
				<key>CLANG_ENABLE_OBJC_ARC</key>
				<string>YES</string>
				<key>CLANG_WARN_BOOL_CONVERSION</key>
				<string>YES</string>
				<key>CLANG_WARN_CONSTANT_CONVERSION</key>
				<string>YES</string>
				<key>CLANG_WARN_DIRECT_OBJC_ISA_USAGE</key>
				<string>YES_ERROR</string>
				<key>CLANG_WARN_EMPTY_BODY</key>
				<string>YES</string>
				<key>CLANG_WARN_ENUM_CONVERSION</key>
				<string>YES</string>
				<key>CLANG_WARN_INT_CONVERSION</key>
				<string>YES</string>
				<key>CLANG_WARN_OBJC_ROOT_CLASS</key>
				<string>YES_ERROR</string>
				<key>CLANG_WARN_UNREACHABLE_CODE</key>
				<string>YES</string>
				<key>CLANG_WARN__DUPLICATE_METHOD_MATCH</key>
				<string>YES</string>
				<key>CODE_SIGN_IDENTITY[sdk=iphoneos*]</key>
				<string>iPhone Developer</string>
				<key>COPY_PHASE_STRIP</key>
				<string>NO</string>
				<key>ENABLE_STRICT_OBJC_MSGSEND</key>
				<string>YES</string>
				<key>GCC_C_LANGUAGE_STANDARD</key>
				<string>gnu99</string>
				<key>GCC_DYNAMIC_NO_PIC</key>
				<string>NO</string>
				<key>GCC_OPTIMIZATION_LEVEL</key>
				<string>0</string>
				<key>GCC_PREPROCESSOR_DEFINITIONS</key>
				<array>
					<string>DEBUG=1</string>
					<string>$(inherited)</string>
				</array>
				<key>GCC_SYMBOLS_PRIVATE_EXTERN</key>
				<string>NO</string>
				<key>GCC_WARN_64_TO_32_BIT_CONVERSION</key>
				<string>YES</string>
				<key>GCC_WARN_ABOUT_RETURN_TYPE</key>
				<string>YES_ERROR</string>
				<key>GCC_WARN_UNDECLARED_SELECTOR</key>
				<string>YES</string>
				<key>GCC_WARN_UNINITIALIZED_AUTOS</key>
				<string>YES_AGGRESSIVE</string>
				<key>GCC_WARN_UNUSED_FUNCTION</key>
				<string>YES</string>
				<key>GCC_WARN_UNUSED_VARIABLE</key>
				<string>YES</string>
				<key>IPHONEOS_DEPLOYMENT_TARGET</key>
				<string>8.2</string>
				<key>MTL_ENABLE_DEBUG_INFO</key>
				<string>YES</string>
				<key>ONLY_ACTIVE_ARCH</key>
				<string>YES</string>
				<key>SDKROOT</key>
				<string>iphoneos</string>
			</dict>
			<key>isa</key>
			<string>XCBuildConfiguration</string>
			<key>name</key>
			<string>Debug</string>
		</dict>
		<key>B353433E1A7F73ED00DD2F03</key>
		<dict>
			<key>buildSettings</key>
			<dict>
				<key>ALWAYS_SEARCH_USER_PATHS</key>
				<string>NO</string>
				<key>CLANG_CXX_LANGUAGE_STANDARD</key>
				<string>gnu++0x</string>
				<key>CLANG_CXX_LIBRARY</key>
				<string>libc++</string>
				<key>CLANG_ENABLE_MODULES</key>
				<string>YES</string>
				<key>CLANG_ENABLE_OBJC_ARC</key>
				<string>YES</string>
				<key>CLANG_WARN_BOOL_CONVERSION</key>
				<string>YES</string>
				<key>CLANG_WARN_CONSTANT_CONVERSION</key>
				<string>YES</string>
				<key>CLANG_WARN_DIRECT_OBJC_ISA_USAGE</key>
				<string>YES_ERROR</string>
				<key>CLANG_WARN_EMPTY_BODY</key>
				<string>YES</string>
				<key>CLANG_WARN_ENUM_CONVERSION</key>
				<string>YES</string>
				<key>CLANG_WARN_INT_CONVERSION</key>
				<string>YES</string>
				<key>CLANG_WARN_OBJC_ROOT_CLASS</key>
				<string>YES_ERROR</string>
				<key>CLANG_WARN_UNREACHABLE_CODE</key>
				<string>YES</string>
				<key>CLANG_WARN__DUPLICATE_METHOD_MATCH</key>
				<string>YES</string>
				<key>CODE_SIGN_IDENTITY[sdk=iphoneos*]</key>
				<string>iPhone Developer</string>
				<key>COPY_PHASE_STRIP</key>
				<string>NO</string>
				<key>ENABLE_NS_ASSERTIONS</key>
				<string>NO</string>
				<key>ENABLE_STRICT_OBJC_MSGSEND</key>
				<string>YES</string>
				<key>GCC_C_LANGUAGE_STANDARD</key>
				<string>gnu99</string>
				<key>GCC_WARN_64_TO_32_BIT_CONVERSION</key>
				<string>YES</string>
				<key>GCC_WARN_ABOUT_RETURN_TYPE</key>
				<string>YES_ERROR</string>
				<key>GCC_WARN_UNDECLARED_SELECTOR</key>
				<string>YES</string>
				<key>GCC_WARN_UNINITIALIZED_AUTOS</key>
				<string>YES_AGGRESSIVE</string>
				<key>GCC_WARN_UNUSED_FUNCTION</key>
				<string>YES</string>
				<key>GCC_WARN_UNUSED_VARIABLE</key>
				<string>YES</string>
				<key>IPHONEOS_DEPLOYMENT_TARGET</key>
				<string>8.2</string>
				<key>MTL_ENABLE_DEBUG_INFO</key>
				<string>NO</string>
				<key>SDKROOT</key>
				<string>iphoneos</string>
				<key>VALIDATE_PRODUCT</key>
				<string>YES</string>
			</dict>
			<key>isa</key>
			<string>XCBuildConfiguration</string>
			<key>name</key>
			<string>Release</string>
		</dict>
		<key>B353433F1A7F73ED00DD2F03</key>
		<dict>
			<key>buildConfigurations</key>
			<array>
				<string>B35343401A7F73ED00DD2F03</string>
				<string>B35343411A7F73ED00DD2F03</string>
			</array>
			<key>defaultConfigurationIsVisible</key>
			<string>0</string>
			<key>defaultConfigurationName</key>
			<string>Release</string>
			<key>isa</key>
			<string>XCConfigurationList</string>
		</dict>
		<key>B35343401A7F73ED00DD2F03</key>
		<dict>
			<key>baseConfigurationReference</key>
			<string>D1DCCC2237B644F4B5B1CC67</string>
			<key>buildSettings</key>
			<dict>
				<key>ASSETCATALOG_COMPILER_APPICON_NAME</key>
				<string>AppIcon</string>
				<key>FRAMEWORK_SEARCH_PATHS</key>
				<array>
					<string>$(inherited)</string>
					<string>$(PROJECT_DIR)</string>
				</array>
				<key>INFOPLIST_FILE</key>
				<string>ecomap/Info.plist</string>
				<key>IPHONEOS_DEPLOYMENT_TARGET</key>
				<string>8.1</string>
				<key>LD_RUNPATH_SEARCH_PATHS</key>
				<string>$(inherited) @executable_path/Frameworks</string>
				<key>OTHER_LDFLAGS</key>
				<string>-ObjC</string>
				<key>PRODUCT_NAME</key>
				<string>$(TARGET_NAME)</string>
				<key>TARGETED_DEVICE_FAMILY</key>
				<string>1</string>
			</dict>
			<key>isa</key>
			<string>XCBuildConfiguration</string>
			<key>name</key>
			<string>Debug</string>
		</dict>
		<key>B35343411A7F73ED00DD2F03</key>
		<dict>
			<key>baseConfigurationReference</key>
			<string>D1DCCC2237B644F4B5B1CC67</string>
			<key>buildSettings</key>
			<dict>
				<key>ASSETCATALOG_COMPILER_APPICON_NAME</key>
				<string>AppIcon</string>
				<key>FRAMEWORK_SEARCH_PATHS</key>
				<array>
					<string>$(inherited)</string>
					<string>$(PROJECT_DIR)</string>
				</array>
				<key>INFOPLIST_FILE</key>
				<string>ecomap/Info.plist</string>
				<key>IPHONEOS_DEPLOYMENT_TARGET</key>
				<string>8.1</string>
				<key>LD_RUNPATH_SEARCH_PATHS</key>
				<string>$(inherited) @executable_path/Frameworks</string>
				<key>OTHER_LDFLAGS</key>
				<string>-ObjC</string>
				<key>PRODUCT_NAME</key>
				<string>$(TARGET_NAME)</string>
				<key>TARGETED_DEVICE_FAMILY</key>
				<string>1</string>
			</dict>
			<key>isa</key>
			<string>XCBuildConfiguration</string>
			<key>name</key>
			<string>Release</string>
		</dict>
		<key>B35343421A7F73ED00DD2F03</key>
		<dict>
			<key>buildConfigurations</key>
			<array>
				<string>B35343431A7F73ED00DD2F03</string>
				<string>B35343441A7F73ED00DD2F03</string>
			</array>
			<key>defaultConfigurationIsVisible</key>
			<string>0</string>
			<key>defaultConfigurationName</key>
			<string>Release</string>
			<key>isa</key>
			<string>XCConfigurationList</string>
		</dict>
		<key>B35343431A7F73ED00DD2F03</key>
		<dict>
			<key>buildSettings</key>
			<dict>
				<key>BUNDLE_LOADER</key>
				<string>$(TEST_HOST)</string>
				<key>FRAMEWORK_SEARCH_PATHS</key>
				<array>
					<string>$(SDKROOT)/Developer/Library/Frameworks</string>
					<string>$(inherited)</string>
				</array>
				<key>GCC_PREPROCESSOR_DEFINITIONS</key>
				<array>
					<string>DEBUG=1</string>
					<string>$(inherited)</string>
				</array>
				<key>INFOPLIST_FILE</key>
				<string>ecomapTests/Info.plist</string>
				<key>IPHONEOS_DEPLOYMENT_TARGET</key>
				<string>8.1</string>
				<key>LD_RUNPATH_SEARCH_PATHS</key>
				<string>$(inherited) @executable_path/Frameworks @loader_path/Frameworks</string>
				<key>PRODUCT_NAME</key>
				<string>$(TARGET_NAME)</string>
				<key>TEST_HOST</key>
				<string>$(BUILT_PRODUCTS_DIR)/ecomap.app/ecomap</string>
			</dict>
			<key>isa</key>
			<string>XCBuildConfiguration</string>
			<key>name</key>
			<string>Debug</string>
		</dict>
		<key>B35343441A7F73ED00DD2F03</key>
		<dict>
			<key>buildSettings</key>
			<dict>
				<key>BUNDLE_LOADER</key>
				<string>$(TEST_HOST)</string>
				<key>FRAMEWORK_SEARCH_PATHS</key>
				<array>
					<string>$(SDKROOT)/Developer/Library/Frameworks</string>
					<string>$(inherited)</string>
				</array>
				<key>INFOPLIST_FILE</key>
				<string>ecomapTests/Info.plist</string>
				<key>IPHONEOS_DEPLOYMENT_TARGET</key>
				<string>8.1</string>
				<key>LD_RUNPATH_SEARCH_PATHS</key>
				<string>$(inherited) @executable_path/Frameworks @loader_path/Frameworks</string>
				<key>PRODUCT_NAME</key>
				<string>$(TARGET_NAME)</string>
				<key>TEST_HOST</key>
				<string>$(BUILT_PRODUCTS_DIR)/ecomap.app/ecomap</string>
			</dict>
			<key>isa</key>
			<string>XCBuildConfiguration</string>
			<key>name</key>
			<string>Release</string>
		</dict>
		<key>B35343471A7F758000DD2F03</key>
		<dict>
			<key>children</key>
			<array>
				<string>B35343481A7F758000DD2F03</string>
				<string>B35343491A7F758000DD2F03</string>
				<string>B353434B1A7F778000DD2F03</string>
				<string>B353434C1A7F778000DD2F03</string>
			</array>
			<key>isa</key>
			<string>PBXGroup</string>
			<key>path</key>
			<string>SWRevealViewController</string>
			<key>sourceTree</key>
			<string>&lt;group&gt;</string>
		</dict>
		<key>B35343481A7F758000DD2F03</key>
		<dict>
			<key>fileEncoding</key>
			<string>4</string>
			<key>isa</key>
			<string>PBXFileReference</string>
			<key>lastKnownFileType</key>
			<string>sourcecode.c.h</string>
			<key>path</key>
			<string>SWRevealViewController.h</string>
			<key>sourceTree</key>
			<string>&lt;group&gt;</string>
		</dict>
		<key>B35343491A7F758000DD2F03</key>
		<dict>
			<key>fileEncoding</key>
			<string>4</string>
			<key>isa</key>
			<string>PBXFileReference</string>
			<key>lastKnownFileType</key>
			<string>sourcecode.c.objc</string>
			<key>path</key>
			<string>SWRevealViewController.m</string>
			<key>sourceTree</key>
			<string>&lt;group&gt;</string>
		</dict>
		<key>B353434A1A7F758000DD2F03</key>
		<dict>
			<key>fileRef</key>
			<string>B35343491A7F758000DD2F03</string>
			<key>isa</key>
			<string>PBXBuildFile</string>
		</dict>
		<key>B353434B1A7F778000DD2F03</key>
		<dict>
			<key>fileEncoding</key>
			<string>4</string>
			<key>isa</key>
			<string>PBXFileReference</string>
			<key>lastKnownFileType</key>
			<string>sourcecode.c.h</string>
			<key>path</key>
			<string>EcomapRevealViewController.h</string>
			<key>sourceTree</key>
			<string>&lt;group&gt;</string>
		</dict>
		<key>B353434C1A7F778000DD2F03</key>
		<dict>
			<key>fileEncoding</key>
			<string>4</string>
			<key>isa</key>
			<string>PBXFileReference</string>
			<key>lastKnownFileType</key>
			<string>sourcecode.c.objc</string>
			<key>path</key>
			<string>EcomapRevealViewController.m</string>
			<key>sourceTree</key>
			<string>&lt;group&gt;</string>
		</dict>
		<key>B353434D1A7F778000DD2F03</key>
		<dict>
			<key>fileRef</key>
			<string>B353434C1A7F778000DD2F03</string>
			<key>isa</key>
			<string>PBXBuildFile</string>
		</dict>
		<key>B353434E1A7F78A200DD2F03</key>
		<dict>
			<key>fileEncoding</key>
			<string>4</string>
			<key>isa</key>
			<string>PBXFileReference</string>
			<key>lastKnownFileType</key>
			<string>sourcecode.c.h</string>
			<key>path</key>
			<string>MenuViewController.h</string>
			<key>sourceTree</key>
			<string>&lt;group&gt;</string>
		</dict>
		<key>B353434F1A7F78A200DD2F03</key>
		<dict>
			<key>fileEncoding</key>
			<string>4</string>
			<key>isa</key>
			<string>PBXFileReference</string>
			<key>lastKnownFileType</key>
			<string>sourcecode.c.objc</string>
			<key>path</key>
			<string>MenuViewController.m</string>
			<key>sourceTree</key>
			<string>&lt;group&gt;</string>
		</dict>
		<key>B35343501A7F78A200DD2F03</key>
		<dict>
			<key>fileRef</key>
			<string>B353434F1A7F78A200DD2F03</string>
			<key>isa</key>
			<string>PBXBuildFile</string>
		</dict>
		<key>B388FEFC1A7F863F009C421C</key>
		<dict>
			<key>isa</key>
			<string>PBXFileReference</string>
			<key>lastKnownFileType</key>
			<string>wrapper.framework</string>
			<key>name</key>
			<string>MapKit.framework</string>
			<key>path</key>
			<string>System/Library/Frameworks/MapKit.framework</string>
			<key>sourceTree</key>
			<string>SDKROOT</string>
		</dict>
		<key>B388FEFD1A7F863F009C421C</key>
		<dict>
			<key>fileRef</key>
			<string>B388FEFC1A7F863F009C421C</string>
			<key>isa</key>
			<string>PBXBuildFile</string>
		</dict>
		<key>B388FEFE1A7F8832009C421C</key>
		<dict>
			<key>fileEncoding</key>
			<string>4</string>
			<key>isa</key>
			<string>PBXFileReference</string>
			<key>lastKnownFileType</key>
			<string>sourcecode.c.h</string>
			<key>path</key>
			<string>MapSegue.h</string>
			<key>sourceTree</key>
			<string>&lt;group&gt;</string>
		</dict>
		<key>B388FEFF1A7F8832009C421C</key>
		<dict>
			<key>fileEncoding</key>
			<string>4</string>
			<key>isa</key>
			<string>PBXFileReference</string>
			<key>lastKnownFileType</key>
			<string>sourcecode.c.objc</string>
			<key>path</key>
			<string>MapSegue.m</string>
			<key>sourceTree</key>
			<string>&lt;group&gt;</string>
		</dict>
		<key>B388FF001A7F8832009C421C</key>
		<dict>
			<key>fileRef</key>
			<string>B388FEFF1A7F8832009C421C</string>
			<key>isa</key>
			<string>PBXBuildFile</string>
		</dict>
		<key>B388FF011A7F884A009C421C</key>
		<dict>
			<key>children</key>
			<array>
				<string>2D37BE091A822FEA009A6562</string>
				<string>2D37BE071A822FDF009A6562</string>
				<string>2D37BE051A822FD5009A6562</string>
				<string>2D37BE031A822FCB009A6562</string>
				<string>2D37BE011A822FBE009A6562</string>
				<string>2D37BDFF1A822FAB009A6562</string>
				<string>2D37BDFD1A822F9C009A6562</string>
				<string>2D37BDFB1A822F92009A6562</string>
				<string>2D37BDF91A822F88009A6562</string>
				<string>2D37BDF71A822F7F009A6562</string>
				<string>2D37BDF51A822F74009A6562</string>
				<string>2D37BDF31A822F37009A6562</string>
				<string>2D37BDF11A822EF0009A6562</string>
				<string>B388FEFC1A7F863F009C421C</string>
				<string>A7C20CEAB3C542AB9128991B</string>
			</array>
			<key>isa</key>
			<string>PBXGroup</string>
			<key>name</key>
			<string>Frameworks</string>
			<key>sourceTree</key>
			<string>&lt;group&gt;</string>
		</dict>
		<key>B388FF021A7F89D5009C421C</key>
		<dict>
			<key>children</key>
			<array>
				<string>B388FEFE1A7F8832009C421C</string>
				<string>B388FEFF1A7F8832009C421C</string>
			</array>
			<key>isa</key>
			<string>PBXGroup</string>
			<key>name</key>
			<string>Segues</string>
			<key>sourceTree</key>
			<string>&lt;group&gt;</string>
		</dict>
		<key>B388FF031A7F8AFF009C421C</key>
		<dict>
			<key>fileEncoding</key>
			<string>4</string>
			<key>isa</key>
			<string>PBXFileReference</string>
			<key>lastKnownFileType</key>
			<string>sourcecode.c.h</string>
			<key>path</key>
			<string>ResourcesViewController.h</string>
			<key>sourceTree</key>
			<string>&lt;group&gt;</string>
		</dict>
		<key>B388FF041A7F8AFF009C421C</key>
		<dict>
			<key>fileEncoding</key>
			<string>4</string>
			<key>isa</key>
			<string>PBXFileReference</string>
			<key>lastKnownFileType</key>
			<string>sourcecode.c.objc</string>
			<key>path</key>
			<string>ResourcesViewController.m</string>
			<key>sourceTree</key>
			<string>&lt;group&gt;</string>
		</dict>
		<key>B388FF051A7F8AFF009C421C</key>
		<dict>
			<key>fileRef</key>
			<string>B388FF041A7F8AFF009C421C</string>
			<key>isa</key>
			<string>PBXBuildFile</string>
		</dict>
		<key>B388FF061A7F905B009C421C</key>
		<dict>
			<key>fileEncoding</key>
			<string>4</string>
			<key>isa</key>
			<string>PBXFileReference</string>
			<key>lastKnownFileType</key>
			<string>sourcecode.c.h</string>
			<key>path</key>
			<string>LoginViewController.h</string>
			<key>sourceTree</key>
			<string>&lt;group&gt;</string>
		</dict>
		<key>B388FF071A7F905B009C421C</key>
		<dict>
			<key>fileEncoding</key>
			<string>4</string>
			<key>isa</key>
			<string>PBXFileReference</string>
			<key>lastKnownFileType</key>
			<string>sourcecode.c.objc</string>
			<key>path</key>
			<string>LoginViewController.m</string>
			<key>sourceTree</key>
			<string>&lt;group&gt;</string>
		</dict>
		<key>B388FF081A7F905B009C421C</key>
		<dict>
			<key>fileRef</key>
			<string>B388FF071A7F905B009C421C</string>
			<key>isa</key>
			<string>PBXBuildFile</string>
		</dict>
		<key>B3A8D0831A853FFF00017BAE</key>
		<dict>
			<key>isa</key>
			<string>PBXFileReference</string>
			<key>lastKnownFileType</key>
			<string>sourcecode.c.h</string>
			<key>path</key>
			<string>Defines.h</string>
			<key>sourceTree</key>
			<string>&lt;group&gt;</string>
		</dict>
		<key>B3A8D0841A85414C00017BAE</key>
		<dict>
			<key>fileEncoding</key>
			<string>4</string>
			<key>isa</key>
			<string>PBXFileReference</string>
			<key>lastKnownFileType</key>
			<string>file.xib</string>
			<key>path</key>
			<string>AddProblemNameView.xib</string>
			<key>sourceTree</key>
			<string>&lt;group&gt;</string>
		</dict>
		<key>B3A8D0851A85414C00017BAE</key>
		<dict>
			<key>fileRef</key>
			<string>B3A8D0841A85414C00017BAE</string>
			<key>isa</key>
			<string>PBXBuildFile</string>
		</dict>
		<key>B3A8D0861A85439500017BAE</key>
		<dict>
			<key>fileEncoding</key>
			<string>4</string>
			<key>isa</key>
			<string>PBXFileReference</string>
			<key>lastKnownFileType</key>
			<string>file.xib</string>
			<key>path</key>
			<string>AddProblemLocationView.xib</string>
			<key>sourceTree</key>
			<string>&lt;group&gt;</string>
		</dict>
		<key>B3A8D0871A85439500017BAE</key>
		<dict>
			<key>fileRef</key>
			<string>B3A8D0861A85439500017BAE</string>
			<key>isa</key>
			<string>PBXBuildFile</string>
		</dict>
		<key>B3A8D0881A8553E500017BAE</key>
		<dict>
			<key>fileEncoding</key>
			<string>4</string>
			<key>isa</key>
			<string>PBXFileReference</string>
			<key>lastKnownFileType</key>
			<string>file.xib</string>
			<key>path</key>
			<string>AddProblemTypeView.xib</string>
			<key>sourceTree</key>
			<string>&lt;group&gt;</string>
		</dict>
		<key>B3A8D0891A8553E500017BAE</key>
		<dict>
			<key>fileRef</key>
			<string>B3A8D0881A8553E500017BAE</string>
			<key>isa</key>
			<string>PBXBuildFile</string>
		</dict>
		<key>B3A8D08A1A85540C00017BAE</key>
		<dict>
			<key>fileEncoding</key>
			<string>4</string>
			<key>isa</key>
			<string>PBXFileReference</string>
			<key>lastKnownFileType</key>
			<string>file.xib</string>
			<key>path</key>
			<string>AddProblemDescriptionView.xib</string>
			<key>sourceTree</key>
			<string>&lt;group&gt;</string>
		</dict>
		<key>B3A8D08B1A85540C00017BAE</key>
		<dict>
			<key>fileRef</key>
			<string>B3A8D08A1A85540C00017BAE</string>
			<key>isa</key>
			<string>PBXBuildFile</string>
		</dict>
		<key>B3A8D08C1A85541800017BAE</key>
		<dict>
			<key>fileEncoding</key>
			<string>4</string>
			<key>isa</key>
			<string>PBXFileReference</string>
			<key>lastKnownFileType</key>
			<string>file.xib</string>
			<key>path</key>
			<string>AddProblemSolutionView.xib</string>
			<key>sourceTree</key>
			<string>&lt;group&gt;</string>
		</dict>
		<key>B3A8D08D1A85541800017BAE</key>
		<dict>
			<key>fileRef</key>
			<string>B3A8D08C1A85541800017BAE</string>
			<key>isa</key>
			<string>PBXBuildFile</string>
		</dict>
		<key>B3A8D08E1A85545600017BAE</key>
		<dict>
			<key>fileEncoding</key>
			<string>4</string>
			<key>isa</key>
			<string>PBXFileReference</string>
			<key>lastKnownFileType</key>
			<string>file.xib</string>
			<key>path</key>
			<string>AddProblemPhotoView.xib</string>
			<key>sourceTree</key>
			<string>&lt;group&gt;</string>
		</dict>
		<key>B3A8D08F1A85545600017BAE</key>
		<dict>
			<key>fileRef</key>
			<string>B3A8D08E1A85545600017BAE</string>
			<key>isa</key>
			<string>PBXBuildFile</string>
		</dict>
		<key>B3A8D0901A85545D00017BAE</key>
		<dict>
			<key>children</key>
			<array>
				<string>B3FF8F9F1A84DE0B008FED3D</string>
			</array>
			<key>isa</key>
			<string>PBXGroup</string>
			<key>name</key>
			<string>AddProblem</string>
			<key>sourceTree</key>
			<string>&lt;group&gt;</string>
		</dict>
		<key>B3C56A4E1A8A169000877227</key>
		<dict>
			<key>isa</key>
			<string>PBXFileReference</string>
			<key>lastKnownFileType</key>
			<string>image.png</string>
			<key>name</key>
			<string>add.png</string>
			<key>path</key>
			<string>Images.xcassets/add.imageset/add.png</string>
			<key>sourceTree</key>
			<string>&lt;group&gt;</string>
		</dict>
		<key>B3C56A4F1A8A169000877227</key>
		<dict>
			<key>fileRef</key>
			<string>B3C56A4E1A8A169000877227</string>
			<key>isa</key>
			<string>PBXBuildFile</string>
		</dict>
		<key>B3FF8F9F1A84DE0B008FED3D</key>
		<dict>
			<key>children</key>
			<array>
				<string>B3488A6B1A8A027A00BDAF84</string>
				<string>B3A8D0861A85439500017BAE</string>
				<string>B3A8D0841A85414C00017BAE</string>
				<string>B3A8D0881A8553E500017BAE</string>
				<string>B3A8D08A1A85540C00017BAE</string>
				<string>B3A8D08C1A85541800017BAE</string>
				<string>B3A8D08E1A85545600017BAE</string>
			</array>
			<key>isa</key>
			<string>PBXGroup</string>
			<key>name</key>
			<string>Views</string>
			<key>sourceTree</key>
			<string>&lt;group&gt;</string>
		</dict>
		<key>CABBB4FB1A853D400089065B</key>
		<dict>
			<key>children</key>
			<array>
				<string>CABBB51A1A853D6F0089065B</string>
				<string>CABBB4FC1A853D400089065B</string>
				<string>CABBB5041A853D400089065B</string>
				<string>CABBB5051A853D400089065B</string>
				<string>CABBB5061A853D400089065B</string>
				<string>CABBB5071A853D400089065B</string>
				<string>CABBB5081A853D400089065B</string>
				<string>CABBB5091A853D400089065B</string>
				<string>CABBB50A1A853D400089065B</string>
			</array>
			<key>isa</key>
			<string>PBXGroup</string>
			<key>path</key>
			<string>Clustering</string>
			<key>sourceTree</key>
			<string>&lt;group&gt;</string>
		</dict>
		<key>CABBB4FC1A853D400089065B</key>
		<dict>
			<key>children</key>
			<array>
				<string>CABBB4FD1A853D400089065B</string>
				<string>CABBB4FE1A853D400089065B</string>
				<string>CABBB4FF1A853D400089065B</string>
				<string>CABBB5001A853D400089065B</string>
				<string>CABBB5011A853D400089065B</string>
				<string>CABBB5021A853D400089065B</string>
				<string>CABBB5031A853D400089065B</string>
			</array>
			<key>isa</key>
			<string>PBXGroup</string>
			<key>path</key>
			<string>Algorithms</string>
			<key>sourceTree</key>
			<string>&lt;group&gt;</string>
		</dict>
		<key>CABBB4FD1A853D400089065B</key>
		<dict>
			<key>fileEncoding</key>
			<string>4</string>
			<key>isa</key>
			<string>PBXFileReference</string>
			<key>lastKnownFileType</key>
			<string>sourcecode.c.h</string>
			<key>path</key>
			<string>GClusterAlgorithm.h</string>
			<key>sourceTree</key>
			<string>&lt;group&gt;</string>
		</dict>
		<key>CABBB4FE1A853D400089065B</key>
		<dict>
			<key>fileEncoding</key>
			<string>4</string>
			<key>isa</key>
			<string>PBXFileReference</string>
			<key>lastKnownFileType</key>
			<string>sourcecode.c.h</string>
			<key>path</key>
			<string>GQuadItem.h</string>
			<key>sourceTree</key>
			<string>&lt;group&gt;</string>
		</dict>
		<key>CABBB4FF1A853D400089065B</key>
		<dict>
			<key>fileEncoding</key>
			<string>4</string>
			<key>isa</key>
			<string>PBXFileReference</string>
			<key>lastKnownFileType</key>
			<string>sourcecode.c.objc</string>
			<key>path</key>
			<string>GQuadItem.m</string>
			<key>sourceTree</key>
			<string>&lt;group&gt;</string>
		</dict>
		<key>CABBB5001A853D400089065B</key>
		<dict>
			<key>fileEncoding</key>
			<string>4</string>
			<key>isa</key>
			<string>PBXFileReference</string>
			<key>lastKnownFileType</key>
			<string>sourcecode.c.h</string>
			<key>path</key>
			<string>GStaticCluster.h</string>
			<key>sourceTree</key>
			<string>&lt;group&gt;</string>
		</dict>
		<key>CABBB5011A853D400089065B</key>
		<dict>
			<key>fileEncoding</key>
			<string>4</string>
			<key>isa</key>
			<string>PBXFileReference</string>
			<key>lastKnownFileType</key>
			<string>sourcecode.c.objc</string>
			<key>path</key>
			<string>GStaticCluster.m</string>
			<key>sourceTree</key>
			<string>&lt;group&gt;</string>
		</dict>
		<key>CABBB5021A853D400089065B</key>
		<dict>
			<key>fileEncoding</key>
			<string>4</string>
			<key>isa</key>
			<string>PBXFileReference</string>
			<key>lastKnownFileType</key>
			<string>sourcecode.c.h</string>
			<key>path</key>
			<string>NonHierarchicalDistanceBasedAlgorithm.h</string>
			<key>sourceTree</key>
			<string>&lt;group&gt;</string>
		</dict>
		<key>CABBB5031A853D400089065B</key>
		<dict>
			<key>fileEncoding</key>
			<string>4</string>
			<key>isa</key>
			<string>PBXFileReference</string>
			<key>lastKnownFileType</key>
			<string>sourcecode.c.objc</string>
			<key>path</key>
			<string>NonHierarchicalDistanceBasedAlgorithm.m</string>
			<key>sourceTree</key>
			<string>&lt;group&gt;</string>
		</dict>
		<key>CABBB5041A853D400089065B</key>
		<dict>
			<key>fileEncoding</key>
			<string>4</string>
			<key>isa</key>
			<string>PBXFileReference</string>
			<key>lastKnownFileType</key>
			<string>sourcecode.c.h</string>
			<key>path</key>
			<string>GCluster.h</string>
			<key>sourceTree</key>
			<string>&lt;group&gt;</string>
		</dict>
		<key>CABBB5051A853D400089065B</key>
		<dict>
			<key>fileEncoding</key>
			<string>4</string>
			<key>isa</key>
			<string>PBXFileReference</string>
			<key>lastKnownFileType</key>
			<string>sourcecode.c.h</string>
			<key>path</key>
			<string>GClusterItem.h</string>
			<key>sourceTree</key>
			<string>&lt;group&gt;</string>
		</dict>
		<key>CABBB5061A853D400089065B</key>
		<dict>
			<key>fileEncoding</key>
			<string>4</string>
			<key>isa</key>
			<string>PBXFileReference</string>
			<key>lastKnownFileType</key>
			<string>sourcecode.c.h</string>
			<key>path</key>
			<string>GClusterManager.h</string>
			<key>sourceTree</key>
			<string>&lt;group&gt;</string>
		</dict>
		<key>CABBB5071A853D400089065B</key>
		<dict>
			<key>fileEncoding</key>
			<string>4</string>
			<key>isa</key>
			<string>PBXFileReference</string>
			<key>lastKnownFileType</key>
			<string>sourcecode.c.objc</string>
			<key>path</key>
			<string>GClusterManager.m</string>
			<key>sourceTree</key>
			<string>&lt;group&gt;</string>
		</dict>
		<key>CABBB5081A853D400089065B</key>
		<dict>
			<key>fileEncoding</key>
			<string>4</string>
			<key>isa</key>
			<string>PBXFileReference</string>
			<key>lastKnownFileType</key>
			<string>sourcecode.c.h</string>
			<key>path</key>
			<string>SphericalMercatorProjection.h</string>
			<key>sourceTree</key>
			<string>&lt;group&gt;</string>
		</dict>
		<key>CABBB5091A853D400089065B</key>
		<dict>
			<key>fileEncoding</key>
			<string>4</string>
			<key>isa</key>
			<string>PBXFileReference</string>
			<key>lastKnownFileType</key>
			<string>sourcecode.c.objc</string>
			<key>path</key>
			<string>SphericalMercatorProjection.m</string>
			<key>sourceTree</key>
			<string>&lt;group&gt;</string>
		</dict>
		<key>CABBB50A1A853D400089065B</key>
		<dict>
			<key>children</key>
			<array>
				<string>CABBB50B1A853D400089065B</string>
				<string>CABBB50C1A853D400089065B</string>
				<string>CABBB50D1A853D400089065B</string>
				<string>CABBB50E1A853D400089065B</string>
				<string>CABBB50F1A853D400089065B</string>
				<string>CABBB5101A853D400089065B</string>
				<string>CABBB5111A853D400089065B</string>
			</array>
			<key>isa</key>
			<string>PBXGroup</string>
			<key>path</key>
			<string>View</string>
			<key>sourceTree</key>
			<string>&lt;group&gt;</string>
		</dict>
		<key>CABBB50B1A853D400089065B</key>
		<dict>
			<key>fileEncoding</key>
			<string>4</string>
			<key>isa</key>
			<string>PBXFileReference</string>
			<key>lastKnownFileType</key>
			<string>sourcecode.c.h</string>
			<key>path</key>
			<string>EcomapClusterRenderer.h</string>
			<key>sourceTree</key>
			<string>&lt;group&gt;</string>
		</dict>
		<key>CABBB50C1A853D400089065B</key>
		<dict>
			<key>fileEncoding</key>
			<string>4</string>
			<key>isa</key>
			<string>PBXFileReference</string>
			<key>lastKnownFileType</key>
			<string>sourcecode.c.objc</string>
			<key>path</key>
			<string>EcomapClusterRenderer.m</string>
			<key>sourceTree</key>
			<string>&lt;group&gt;</string>
		</dict>
		<key>CABBB50D1A853D400089065B</key>
		<dict>
			<key>fileEncoding</key>
			<string>4</string>
			<key>isa</key>
			<string>PBXFileReference</string>
			<key>lastKnownFileType</key>
			<string>sourcecode.c.h</string>
			<key>path</key>
			<string>GClusterRenderer.h</string>
			<key>sourceTree</key>
			<string>&lt;group&gt;</string>
		</dict>
		<key>CABBB50E1A853D400089065B</key>
		<dict>
			<key>fileEncoding</key>
			<string>4</string>
			<key>isa</key>
			<string>PBXFileReference</string>
			<key>lastKnownFileType</key>
			<string>sourcecode.c.h</string>
			<key>path</key>
			<string>GDefaultClusterRenderer.h</string>
			<key>sourceTree</key>
			<string>&lt;group&gt;</string>
		</dict>
		<key>CABBB50F1A853D400089065B</key>
		<dict>
			<key>fileEncoding</key>
			<string>4</string>
			<key>isa</key>
			<string>PBXFileReference</string>
			<key>lastKnownFileType</key>
			<string>sourcecode.c.objc</string>
			<key>path</key>
			<string>GDefaultClusterRenderer.m</string>
			<key>sourceTree</key>
			<string>&lt;group&gt;</string>
		</dict>
		<key>CABBB5101A853D400089065B</key>
		<dict>
			<key>fileEncoding</key>
			<string>4</string>
			<key>isa</key>
			<string>PBXFileReference</string>
			<key>lastKnownFileType</key>
			<string>sourcecode.c.h</string>
			<key>path</key>
			<string>Spot.h</string>
			<key>sourceTree</key>
			<string>&lt;group&gt;</string>
		</dict>
		<key>CABBB5111A853D400089065B</key>
		<dict>
			<key>fileEncoding</key>
			<string>4</string>
			<key>isa</key>
			<string>PBXFileReference</string>
			<key>lastKnownFileType</key>
			<string>sourcecode.c.objc</string>
			<key>path</key>
			<string>Spot.m</string>
			<key>sourceTree</key>
			<string>&lt;group&gt;</string>
		</dict>
		<key>CABBB5121A853D400089065B</key>
		<dict>
			<key>fileRef</key>
			<string>CABBB4FF1A853D400089065B</string>
			<key>isa</key>
			<string>PBXBuildFile</string>
		</dict>
		<key>CABBB5131A853D400089065B</key>
		<dict>
			<key>fileRef</key>
			<string>CABBB5011A853D400089065B</string>
			<key>isa</key>
			<string>PBXBuildFile</string>
		</dict>
		<key>CABBB5141A853D400089065B</key>
		<dict>
			<key>fileRef</key>
			<string>CABBB5031A853D400089065B</string>
			<key>isa</key>
			<string>PBXBuildFile</string>
		</dict>
		<key>CABBB5151A853D400089065B</key>
		<dict>
			<key>fileRef</key>
			<string>CABBB5071A853D400089065B</string>
			<key>isa</key>
			<string>PBXBuildFile</string>
		</dict>
		<key>CABBB5161A853D400089065B</key>
		<dict>
			<key>fileRef</key>
			<string>CABBB5091A853D400089065B</string>
			<key>isa</key>
			<string>PBXBuildFile</string>
		</dict>
		<key>CABBB5171A853D400089065B</key>
		<dict>
			<key>fileRef</key>
			<string>CABBB50C1A853D400089065B</string>
			<key>isa</key>
			<string>PBXBuildFile</string>
		</dict>
		<key>CABBB5181A853D400089065B</key>
		<dict>
			<key>fileRef</key>
			<string>CABBB50F1A853D400089065B</string>
			<key>isa</key>
			<string>PBXBuildFile</string>
		</dict>
		<key>CABBB5191A853D400089065B</key>
		<dict>
			<key>fileRef</key>
			<string>CABBB5111A853D400089065B</string>
			<key>isa</key>
			<string>PBXBuildFile</string>
		</dict>
		<key>CABBB51A1A853D6F0089065B</key>
		<dict>
			<key>children</key>
			<array>
				<string>CABBB51B1A853D6F0089065B</string>
				<string>CABBB51C1A853D6F0089065B</string>
				<string>CABBB51D1A853D6F0089065B</string>
				<string>CABBB51E1A853D6F0089065B</string>
				<string>CABBB51F1A853D6F0089065B</string>
				<string>CABBB5201A853D6F0089065B</string>
				<string>CABBB5211A853D6F0089065B</string>
			</array>
			<key>isa</key>
			<string>PBXGroup</string>
			<key>path</key>
			<string>QuadTree</string>
			<key>sourceTree</key>
			<string>&lt;group&gt;</string>
		</dict>
		<key>CABBB51B1A853D6F0089065B</key>
		<dict>
			<key>fileEncoding</key>
			<string>4</string>
			<key>isa</key>
			<string>PBXFileReference</string>
			<key>lastKnownFileType</key>
			<string>sourcecode.c.h</string>
			<key>path</key>
			<string>GQTBounds.h</string>
			<key>sourceTree</key>
			<string>&lt;group&gt;</string>
		</dict>
		<key>CABBB51C1A853D6F0089065B</key>
		<dict>
			<key>fileEncoding</key>
			<string>4</string>
			<key>isa</key>
			<string>PBXFileReference</string>
			<key>lastKnownFileType</key>
			<string>sourcecode.c.h</string>
			<key>path</key>
			<string>GQTPoint.h</string>
			<key>sourceTree</key>
			<string>&lt;group&gt;</string>
		</dict>
		<key>CABBB51D1A853D6F0089065B</key>
		<dict>
			<key>fileEncoding</key>
			<string>4</string>
			<key>isa</key>
			<string>PBXFileReference</string>
			<key>lastKnownFileType</key>
			<string>sourcecode.c.h</string>
			<key>path</key>
			<string>GQTPointQuadTree.h</string>
			<key>sourceTree</key>
			<string>&lt;group&gt;</string>
		</dict>
		<key>CABBB51E1A853D6F0089065B</key>
		<dict>
			<key>fileEncoding</key>
			<string>4</string>
			<key>isa</key>
			<string>PBXFileReference</string>
			<key>lastKnownFileType</key>
			<string>sourcecode.c.objc</string>
			<key>path</key>
			<string>GQTPointQuadTree.m</string>
			<key>sourceTree</key>
			<string>&lt;group&gt;</string>
		</dict>
		<key>CABBB51F1A853D6F0089065B</key>
		<dict>
			<key>fileEncoding</key>
			<string>4</string>
			<key>isa</key>
			<string>PBXFileReference</string>
			<key>lastKnownFileType</key>
			<string>sourcecode.c.h</string>
			<key>path</key>
			<string>GQTPointQuadTreeChild.h</string>
			<key>sourceTree</key>
			<string>&lt;group&gt;</string>
		</dict>
		<key>CABBB5201A853D6F0089065B</key>
		<dict>
			<key>fileEncoding</key>
			<string>4</string>
			<key>isa</key>
			<string>PBXFileReference</string>
			<key>lastKnownFileType</key>
			<string>sourcecode.c.objc</string>
			<key>path</key>
			<string>GQTPointQuadTreeChild.m</string>
			<key>sourceTree</key>
			<string>&lt;group&gt;</string>
		</dict>
		<key>CABBB5211A853D6F0089065B</key>
		<dict>
			<key>fileEncoding</key>
			<string>4</string>
			<key>isa</key>
			<string>PBXFileReference</string>
			<key>lastKnownFileType</key>
			<string>sourcecode.c.h</string>
			<key>path</key>
			<string>GQTPointQuadTreeItem.h</string>
			<key>sourceTree</key>
			<string>&lt;group&gt;</string>
		</dict>
		<key>CABBB5221A853D6F0089065B</key>
		<dict>
			<key>fileRef</key>
			<string>CABBB51E1A853D6F0089065B</string>
			<key>isa</key>
			<string>PBXBuildFile</string>
		</dict>
		<key>CABBB5231A853D6F0089065B</key>
		<dict>
			<key>fileRef</key>
			<string>CABBB5201A853D6F0089065B</string>
			<key>isa</key>
			<string>PBXBuildFile</string>
		</dict>
		<key>CABBB5241A8A844D0089065B</key>
		<dict>
			<key>fileEncoding</key>
			<string>4</string>
			<key>isa</key>
			<string>PBXFileReference</string>
			<key>lastKnownFileType</key>
			<string>sourcecode.c.h</string>
			<key>path</key>
			<string>EcomapPhoto.h</string>
			<key>sourceTree</key>
			<string>&lt;group&gt;</string>
		</dict>
		<key>CABBB5251A8A844D0089065B</key>
		<dict>
			<key>fileEncoding</key>
			<string>4</string>
			<key>isa</key>
			<string>PBXFileReference</string>
			<key>lastKnownFileType</key>
			<string>sourcecode.c.objc</string>
			<key>path</key>
			<string>EcomapPhoto.m</string>
			<key>sourceTree</key>
			<string>&lt;group&gt;</string>
		</dict>
		<key>CABBB5261A8A844D0089065B</key>
		<dict>
			<key>fileRef</key>
			<string>CABBB5251A8A844D0089065B</string>
			<key>isa</key>
			<string>PBXBuildFile</string>
		</dict>
		<key>CABBB5271A8A84690089065B</key>
		<dict>
			<key>fileEncoding</key>
			<string>4</string>
			<key>isa</key>
			<string>PBXFileReference</string>
			<key>lastKnownFileType</key>
			<string>sourcecode.c.h</string>
			<key>path</key>
			<string>EcomapComments.h</string>
			<key>sourceTree</key>
			<string>&lt;group&gt;</string>
		</dict>
		<key>CABBB5281A8A84690089065B</key>
		<dict>
			<key>fileEncoding</key>
			<string>4</string>
			<key>isa</key>
			<string>PBXFileReference</string>
			<key>lastKnownFileType</key>
			<string>sourcecode.c.objc</string>
			<key>path</key>
			<string>EcomapComments.m</string>
			<key>sourceTree</key>
			<string>&lt;group&gt;</string>
		</dict>
		<key>CABBB5291A8A84690089065B</key>
		<dict>
			<key>fileRef</key>
			<string>CABBB5281A8A84690089065B</string>
			<key>isa</key>
			<string>PBXBuildFile</string>
		</dict>
		<key>D1DCCC2237B644F4B5B1CC67</key>
		<dict>
			<key>includeInIndex</key>
			<string>1</string>
			<key>isa</key>
			<string>PBXFileReference</string>
			<key>lastKnownFileType</key>
			<string>text.xcconfig</string>
			<key>name</key>
			<string>Pods.xcconfig</string>
			<key>path</key>
			<string>Pods/Pods.xcconfig</string>
			<key>sourceTree</key>
			<string>&lt;group&gt;</string>
		</dict>
		<key>E1B10EFF80B04715B494B3FF</key>
		<dict>
			<key>buildActionMask</key>
			<string>2147483647</string>
			<key>files</key>
			<array/>
			<key>inputPaths</key>
			<array/>
			<key>isa</key>
			<string>PBXShellScriptBuildPhase</string>
			<key>name</key>
			<string>Copy Pods Resources</string>
			<key>outputPaths</key>
			<array/>
			<key>runOnlyForDeploymentPostprocessing</key>
			<string>0</string>
			<key>shellPath</key>
			<string>/bin/sh</string>
			<key>shellScript</key>
			<string>"${SRCROOT}/Pods/Pods-resources.sh"
</string>
			<key>showEnvVarsInLog</key>
			<string>0</string>
		</dict>
		<key>E5A978951A80FE2000D8283B</key>
		<dict>
			<key>isa</key>
			<string>PBXFileReference</string>
			<key>lastKnownFileType</key>
			<string>sourcecode.c.h</string>
			<key>name</key>
			<string>EcomapPathDefine.h</string>
			<key>path</key>
			<string>Model/EcomapPathDefine.h</string>
			<key>sourceTree</key>
			<string>&lt;group&gt;</string>
		</dict>
		<key>E5F27C901A80F98D00121A7E</key>
		<dict>
			<key>children</key>
			<array>
				<string>51B485231A8415EE00BA8AFF</string>
				<string>51B485241A8415F800BA8AFF</string>
				<string>E5F27C911A80F9A300121A7E</string>
				<string>E5F27C921A80F9A300121A7E</string>
				<string>90AE1B841A84BE5D0009F641</string>
				<string>90AE1B851A84BE5D0009F641</string>
				<string>90FF71B41A88D75600991A65</string>
				<string>90FF71B51A88D75600991A65</string>
			</array>
			<key>isa</key>
			<string>PBXGroup</string>
			<key>name</key>
			<string>Model</string>
			<key>sourceTree</key>
			<string>&lt;group&gt;</string>
		</dict>
		<key>E5F27C911A80F9A300121A7E</key>
		<dict>
			<key>fileEncoding</key>
			<string>4</string>
			<key>isa</key>
			<string>PBXFileReference</string>
			<key>lastKnownFileType</key>
			<string>sourcecode.c.h</string>
			<key>name</key>
			<string>EcomapFetcher.h</string>
			<key>path</key>
			<string>Model/EcomapFetcher.h</string>
			<key>sourceTree</key>
			<string>&lt;group&gt;</string>
		</dict>
		<key>E5F27C921A80F9A300121A7E</key>
		<dict>
			<key>fileEncoding</key>
			<string>4</string>
			<key>isa</key>
			<string>PBXFileReference</string>
			<key>lastKnownFileType</key>
			<string>sourcecode.c.objc</string>
			<key>name</key>
			<string>EcomapFetcher.m</string>
			<key>path</key>
			<string>Model/EcomapFetcher.m</string>
			<key>sourceTree</key>
			<string>&lt;group&gt;</string>
		</dict>
		<key>E5F27C931A80F9A300121A7E</key>
		<dict>
			<key>fileEncoding</key>
			<string>4</string>
			<key>isa</key>
			<string>PBXFileReference</string>
			<key>lastKnownFileType</key>
			<string>sourcecode.c.h</string>
			<key>name</key>
			<string>EcomapProblem.h</string>
			<key>path</key>
			<string>Model/EcomapProblem.h</string>
			<key>sourceTree</key>
			<string>&lt;group&gt;</string>
		</dict>
		<key>E5F27C941A80F9A300121A7E</key>
		<dict>
			<key>fileEncoding</key>
			<string>4</string>
			<key>isa</key>
			<string>PBXFileReference</string>
			<key>lastKnownFileType</key>
			<string>sourcecode.c.objc</string>
			<key>name</key>
			<string>EcomapProblem.m</string>
			<key>path</key>
			<string>Model/EcomapProblem.m</string>
			<key>sourceTree</key>
			<string>&lt;group&gt;</string>
		</dict>
		<key>E5F27C951A80F9A300121A7E</key>
		<dict>
			<key>fileEncoding</key>
			<string>4</string>
			<key>isa</key>
			<string>PBXFileReference</string>
			<key>lastKnownFileType</key>
			<string>sourcecode.c.h</string>
			<key>name</key>
			<string>EcomapProblemDetails.h</string>
			<key>path</key>
			<string>Model/EcomapProblemDetails.h</string>
			<key>sourceTree</key>
			<string>&lt;group&gt;</string>
		</dict>
		<key>E5F27C961A80F9A300121A7E</key>
		<dict>
			<key>fileEncoding</key>
			<string>4</string>
			<key>isa</key>
			<string>PBXFileReference</string>
			<key>lastKnownFileType</key>
			<string>sourcecode.c.objc</string>
			<key>name</key>
			<string>EcomapProblemDetails.m</string>
			<key>path</key>
			<string>Model/EcomapProblemDetails.m</string>
			<key>sourceTree</key>
			<string>&lt;group&gt;</string>
		</dict>
		<key>E5F27C971A80F9A300121A7E</key>
		<dict>
			<key>fileEncoding</key>
			<string>4</string>
			<key>isa</key>
			<string>PBXFileReference</string>
			<key>lastKnownFileType</key>
			<string>sourcecode.c.h</string>
			<key>name</key>
			<string>EcomapURLFetcher.h</string>
			<key>path</key>
			<string>Model/EcomapURLFetcher.h</string>
			<key>sourceTree</key>
			<string>&lt;group&gt;</string>
		</dict>
		<key>E5F27C981A80F9A300121A7E</key>
		<dict>
			<key>fileEncoding</key>
			<string>4</string>
			<key>isa</key>
			<string>PBXFileReference</string>
			<key>lastKnownFileType</key>
			<string>sourcecode.c.objc</string>
			<key>name</key>
			<string>EcomapURLFetcher.m</string>
			<key>path</key>
			<string>Model/EcomapURLFetcher.m</string>
			<key>sourceTree</key>
			<string>&lt;group&gt;</string>
		</dict>
		<key>E5F27C991A80F9A300121A7E</key>
		<dict>
			<key>fileRef</key>
			<string>E5F27C921A80F9A300121A7E</string>
			<key>isa</key>
			<string>PBXBuildFile</string>
		</dict>
		<key>E5F27C9A1A80F9A300121A7E</key>
		<dict>
			<key>fileRef</key>
			<string>E5F27C941A80F9A300121A7E</string>
			<key>isa</key>
			<string>PBXBuildFile</string>
		</dict>
		<key>E5F27C9B1A80F9A300121A7E</key>
		<dict>
			<key>fileRef</key>
			<string>E5F27C961A80F9A300121A7E</string>
			<key>isa</key>
			<string>PBXBuildFile</string>
		</dict>
		<key>E5F27C9C1A80F9A300121A7E</key>
		<dict>
			<key>fileRef</key>
			<string>E5F27C981A80F9A300121A7E</string>
			<key>isa</key>
			<string>PBXBuildFile</string>
		</dict>
	</dict>
	<key>rootObject</key>
	<string>B35343111A7F73ED00DD2F03</string>
</dict>
</plist>
