// !$*UTF8*$!
{
	archiveVersion = 1;
	classes = {
	};
	objectVersion = 46;
	objects = {

/* Begin PBXBuildFile section */
		12B47F281A83A142008FAF8D /* RegisterViewController.m in Sources */ = {isa = PBXBuildFile; fileRef = 12B47F271A83A142008FAF8D /* RegisterViewController.m */; };
		2D37BDF21A822EF0009A6562 /* GoogleMaps.framework in Frameworks */ = {isa = PBXBuildFile; fileRef = 2D37BDF11A822EF0009A6562 /* GoogleMaps.framework */; };
		2D37BDF41A822F37009A6562 /* GoogleMaps.bundle in Resources */ = {isa = PBXBuildFile; fileRef = 2D37BDF31A822F37009A6562 /* GoogleMaps.bundle */; };
		2D37BDF61A822F74009A6562 /* AVFoundation.framework in Frameworks */ = {isa = PBXBuildFile; fileRef = 2D37BDF51A822F74009A6562 /* AVFoundation.framework */; };
		2D37BDF81A822F7F009A6562 /* CoreData.framework in Frameworks */ = {isa = PBXBuildFile; fileRef = 2D37BDF71A822F7F009A6562 /* CoreData.framework */; };
		2D37BDFA1A822F88009A6562 /* CoreLocation.framework in Frameworks */ = {isa = PBXBuildFile; fileRef = 2D37BDF91A822F88009A6562 /* CoreLocation.framework */; };
		2D37BDFC1A822F92009A6562 /* GLKit.framework in Frameworks */ = {isa = PBXBuildFile; fileRef = 2D37BDFB1A822F92009A6562 /* GLKit.framework */; };
		2D37BDFE1A822F9C009A6562 /* ImageIO.framework in Frameworks */ = {isa = PBXBuildFile; fileRef = 2D37BDFD1A822F9C009A6562 /* ImageIO.framework */; };
		2D37BE001A822FAB009A6562 /* libc++.dylib in Frameworks */ = {isa = PBXBuildFile; fileRef = 2D37BDFF1A822FAB009A6562 /* libc++.dylib */; };
		2D37BE021A822FBE009A6562 /* libicucore.dylib in Frameworks */ = {isa = PBXBuildFile; fileRef = 2D37BE011A822FBE009A6562 /* libicucore.dylib */; };
		2D37BE041A822FCB009A6562 /* libz.dylib in Frameworks */ = {isa = PBXBuildFile; fileRef = 2D37BE031A822FCB009A6562 /* libz.dylib */; };
		2D37BE061A822FD5009A6562 /* OpenGLES.framework in Frameworks */ = {isa = PBXBuildFile; fileRef = 2D37BE051A822FD5009A6562 /* OpenGLES.framework */; };
		2D37BE081A822FDF009A6562 /* QuartzCore.framework in Frameworks */ = {isa = PBXBuildFile; fileRef = 2D37BE071A822FDF009A6562 /* QuartzCore.framework */; };
		2D37BE0A1A822FEA009A6562 /* SystemConfiguration.framework in Frameworks */ = {isa = PBXBuildFile; fileRef = 2D37BE091A822FEA009A6562 /* SystemConfiguration.framework */; };
		4F921DED369B45159F5FE300 /* libPods.a in Frameworks */ = {isa = PBXBuildFile; fileRef = A7C20CEAB3C542AB9128991B /* libPods.a */; };
		51A9F1CF1A8AB34400666C23 /* VasylKorsiubaViewControllerForTestsViewController.m in Sources */ = {isa = PBXBuildFile; fileRef = 51A9F1CE1A8AB34400666C23 /* VasylKorsiubaViewControllerForTestsViewController.m */; };
		51B485271A8417CB00BA8AFF /* EcomapLoggedUser.m in Sources */ = {isa = PBXBuildFile; fileRef = 51B485261A8417CB00BA8AFF /* EcomapLoggedUser.m */; };
		5F17A7871A8B592600C49FA1 /* EcomapResources.m in Sources */ = {isa = PBXBuildFile; fileRef = 5F17A7841A8B592600C49FA1 /* EcomapResources.m */; };
		5F17A7881A8B592600C49FA1 /* EcomapAlias.m in Sources */ = {isa = PBXBuildFile; fileRef = 5F17A7861A8B592600C49FA1 /* EcomapAlias.m */; };
		5F17A78C1A8B596900C49FA1 /* ResourceCell.m in Sources */ = {isa = PBXBuildFile; fileRef = 5F17A7891A8B596900C49FA1 /* ResourceCell.m */; };
		5F17A78D1A8B596900C49FA1 /* ResourceDetails.m in Sources */ = {isa = PBXBuildFile; fileRef = 5F17A78B1A8B596900C49FA1 /* ResourceDetails.m */; };
		5F17A7911A8B74FF00C49FA1 /* NetworkActivityIndicator.m in Sources */ = {isa = PBXBuildFile; fileRef = 5F17A7901A8B74FF00C49FA1 /* NetworkActivityIndicator.m */; };
		90AE1B7E1A84BD3E0009F641 /* ProblemsTopListTVC.m in Sources */ = {isa = PBXBuildFile; fileRef = 90AE1B7B1A84BD3E0009F641 /* ProblemsTopListTVC.m */; };
		90AE1B7F1A84BD3E0009F641 /* PieChartViewController.m in Sources */ = {isa = PBXBuildFile; fileRef = 90AE1B7D1A84BD3E0009F641 /* PieChartViewController.m */; };
		90AE1B831A84BD730009F641 /* XYPieChart.m in Sources */ = {isa = PBXBuildFile; fileRef = 90AE1B821A84BD730009F641 /* XYPieChart.m */; };
		90AE1B861A84BE5D0009F641 /* EcomapStatsFetcher.m in Sources */ = {isa = PBXBuildFile; fileRef = 90AE1B851A84BE5D0009F641 /* EcomapStatsFetcher.m */; };
		90FF71B61A88D75600991A65 /* EcomapStatsParser.m in Sources */ = {isa = PBXBuildFile; fileRef = 90FF71B51A88D75600991A65 /* EcomapStatsParser.m */; };
		B323B57A1A89F8FF00D02E2D /* AddProblemViewController.m in Sources */ = {isa = PBXBuildFile; fileRef = B323B5791A89F8FF00D02E2D /* AddProblemViewController.m */; };
		B3488A6C1A8A027A00BDAF84 /* AddProblemNavigationView.xib in Resources */ = {isa = PBXBuildFile; fileRef = B3488A6B1A8A027A00BDAF84 /* AddProblemNavigationView.xib */; };
		B353431F1A7F73ED00DD2F03 /* main.m in Sources */ = {isa = PBXBuildFile; fileRef = B353431E1A7F73ED00DD2F03 /* main.m */; };
		B35343221A7F73ED00DD2F03 /* AppDelegate.m in Sources */ = {isa = PBXBuildFile; fileRef = B35343211A7F73ED00DD2F03 /* AppDelegate.m */; };
		B35343251A7F73ED00DD2F03 /* ecomap.xcdatamodeld in Sources */ = {isa = PBXBuildFile; fileRef = B35343231A7F73ED00DD2F03 /* ecomap.xcdatamodeld */; };
		B35343281A7F73ED00DD2F03 /* MapViewController.m in Sources */ = {isa = PBXBuildFile; fileRef = B35343271A7F73ED00DD2F03 /* MapViewController.m */; };
		B353432B1A7F73ED00DD2F03 /* Main.storyboard in Resources */ = {isa = PBXBuildFile; fileRef = B35343291A7F73ED00DD2F03 /* Main.storyboard */; };
		B353432D1A7F73ED00DD2F03 /* Images.xcassets in Resources */ = {isa = PBXBuildFile; fileRef = B353432C1A7F73ED00DD2F03 /* Images.xcassets */; };
		B35343301A7F73ED00DD2F03 /* LaunchScreen.xib in Resources */ = {isa = PBXBuildFile; fileRef = B353432E1A7F73ED00DD2F03 /* LaunchScreen.xib */; };
		B353433C1A7F73ED00DD2F03 /* ecomapTests.m in Sources */ = {isa = PBXBuildFile; fileRef = B353433B1A7F73ED00DD2F03 /* ecomapTests.m */; };
		B353434A1A7F758000DD2F03 /* SWRevealViewController.m in Sources */ = {isa = PBXBuildFile; fileRef = B35343491A7F758000DD2F03 /* SWRevealViewController.m */; };
		B353434D1A7F778000DD2F03 /* EcomapRevealViewController.m in Sources */ = {isa = PBXBuildFile; fileRef = B353434C1A7F778000DD2F03 /* EcomapRevealViewController.m */; };
		B35343501A7F78A200DD2F03 /* MenuViewController.m in Sources */ = {isa = PBXBuildFile; fileRef = B353434F1A7F78A200DD2F03 /* MenuViewController.m */; };
		B388FEFD1A7F863F009C421C /* MapKit.framework in Frameworks */ = {isa = PBXBuildFile; fileRef = B388FEFC1A7F863F009C421C /* MapKit.framework */; };
		B388FF001A7F8832009C421C /* MapSegue.m in Sources */ = {isa = PBXBuildFile; fileRef = B388FEFF1A7F8832009C421C /* MapSegue.m */; };
		B388FF051A7F8AFF009C421C /* ResourcesViewController.m in Sources */ = {isa = PBXBuildFile; fileRef = B388FF041A7F8AFF009C421C /* ResourcesViewController.m */; };
		B388FF081A7F905B009C421C /* LoginViewController.m in Sources */ = {isa = PBXBuildFile; fileRef = B388FF071A7F905B009C421C /* LoginViewController.m */; };
		B3A8D0851A85414C00017BAE /* AddProblemNameView.xib in Resources */ = {isa = PBXBuildFile; fileRef = B3A8D0841A85414C00017BAE /* AddProblemNameView.xib */; };
		B3A8D0871A85439500017BAE /* AddProblemLocationView.xib in Resources */ = {isa = PBXBuildFile; fileRef = B3A8D0861A85439500017BAE /* AddProblemLocationView.xib */; };
		B3A8D0891A8553E500017BAE /* AddProblemTypeView.xib in Resources */ = {isa = PBXBuildFile; fileRef = B3A8D0881A8553E500017BAE /* AddProblemTypeView.xib */; };
		B3A8D08B1A85540C00017BAE /* AddProblemDescriptionView.xib in Resources */ = {isa = PBXBuildFile; fileRef = B3A8D08A1A85540C00017BAE /* AddProblemDescriptionView.xib */; };
		B3A8D08D1A85541800017BAE /* AddProblemSolutionView.xib in Resources */ = {isa = PBXBuildFile; fileRef = B3A8D08C1A85541800017BAE /* AddProblemSolutionView.xib */; };
		B3A8D08F1A85545600017BAE /* AddProblemPhotoView.xib in Resources */ = {isa = PBXBuildFile; fileRef = B3A8D08E1A85545600017BAE /* AddProblemPhotoView.xib */; };
		B3C56A4F1A8A169000877227 /* add.png in Resources */ = {isa = PBXBuildFile; fileRef = B3C56A4E1A8A169000877227 /* add.png */; };
		CA4027A81A8F632800CA835F /* ProblemViewController.m in Sources */ = {isa = PBXBuildFile; fileRef = CA4027A71A8F632800CA835F /* ProblemViewController.m */; };
		CABBB5121A853D400089065B /* GQuadItem.m in Sources */ = {isa = PBXBuildFile; fileRef = CABBB4FF1A853D400089065B /* GQuadItem.m */; };
		CABBB5131A853D400089065B /* GStaticCluster.m in Sources */ = {isa = PBXBuildFile; fileRef = CABBB5011A853D400089065B /* GStaticCluster.m */; };
		CABBB5141A853D400089065B /* NonHierarchicalDistanceBasedAlgorithm.m in Sources */ = {isa = PBXBuildFile; fileRef = CABBB5031A853D400089065B /* NonHierarchicalDistanceBasedAlgorithm.m */; };
		CABBB5151A853D400089065B /* GClusterManager.m in Sources */ = {isa = PBXBuildFile; fileRef = CABBB5071A853D400089065B /* GClusterManager.m */; };
		CABBB5161A853D400089065B /* SphericalMercatorProjection.m in Sources */ = {isa = PBXBuildFile; fileRef = CABBB5091A853D400089065B /* SphericalMercatorProjection.m */; };
		CABBB5171A853D400089065B /* EcomapClusterRenderer.m in Sources */ = {isa = PBXBuildFile; fileRef = CABBB50C1A853D400089065B /* EcomapClusterRenderer.m */; };
		CABBB5181A853D400089065B /* GDefaultClusterRenderer.m in Sources */ = {isa = PBXBuildFile; fileRef = CABBB50F1A853D400089065B /* GDefaultClusterRenderer.m */; };
		CABBB5191A853D400089065B /* Spot.m in Sources */ = {isa = PBXBuildFile; fileRef = CABBB5111A853D400089065B /* Spot.m */; };
		CABBB5221A853D6F0089065B /* GQTPointQuadTree.m in Sources */ = {isa = PBXBuildFile; fileRef = CABBB51E1A853D6F0089065B /* GQTPointQuadTree.m */; };
		CABBB5231A853D6F0089065B /* GQTPointQuadTreeChild.m in Sources */ = {isa = PBXBuildFile; fileRef = CABBB5201A853D6F0089065B /* GQTPointQuadTreeChild.m */; };
		CABBB5261A8A844D0089065B /* EcomapPhoto.m in Sources */ = {isa = PBXBuildFile; fileRef = CABBB5251A8A844D0089065B /* EcomapPhoto.m */; };
		CABBB5291A8A84690089065B /* EcomapComments.m in Sources */ = {isa = PBXBuildFile; fileRef = CABBB5281A8A84690089065B /* EcomapComments.m */; };
		E5F27C991A80F9A300121A7E /* EcomapFetcher.m in Sources */ = {isa = PBXBuildFile; fileRef = E5F27C921A80F9A300121A7E /* EcomapFetcher.m */; };
		E5F27C9A1A80F9A300121A7E /* EcomapProblem.m in Sources */ = {isa = PBXBuildFile; fileRef = E5F27C941A80F9A300121A7E /* EcomapProblem.m */; };
		E5F27C9B1A80F9A300121A7E /* EcomapProblemDetails.m in Sources */ = {isa = PBXBuildFile; fileRef = E5F27C961A80F9A300121A7E /* EcomapProblemDetails.m */; };
		E5F27C9C1A80F9A300121A7E /* EcomapURLFetcher.m in Sources */ = {isa = PBXBuildFile; fileRef = E5F27C981A80F9A300121A7E /* EcomapURLFetcher.m */; };
/* End PBXBuildFile section */

/* Begin PBXContainerItemProxy section */
		B35343361A7F73ED00DD2F03 /* PBXContainerItemProxy */ = {
			isa = PBXContainerItemProxy;
			containerPortal = B35343111A7F73ED00DD2F03 /* Project object */;
			proxyType = 1;
			remoteGlobalIDString = B35343181A7F73ED00DD2F03;
			remoteInfo = ecomap;
		};
/* End PBXContainerItemProxy section */

/* Begin PBXFileReference section */
		12B47F261A83A142008FAF8D /* RegisterViewController.h */ = {isa = PBXFileReference; fileEncoding = 4; lastKnownFileType = sourcecode.c.h; path = RegisterViewController.h; sourceTree = "<group>"; };
		12B47F271A83A142008FAF8D /* RegisterViewController.m */ = {isa = PBXFileReference; fileEncoding = 4; lastKnownFileType = sourcecode.c.objc; path = RegisterViewController.m; sourceTree = "<group>"; };
		297826EF813E17D3E56E38B4 /* Pods.debug.xcconfig */ = {isa = PBXFileReference; includeInIndex = 1; lastKnownFileType = text.xcconfig; name = Pods.debug.xcconfig; path = "Pods/Target Support Files/Pods/Pods.debug.xcconfig"; sourceTree = "<group>"; };
		2D37BDF11A822EF0009A6562 /* GoogleMaps.framework */ = {isa = PBXFileReference; lastKnownFileType = wrapper.framework; path = GoogleMaps.framework; sourceTree = "<group>"; };
		2D37BDF31A822F37009A6562 /* GoogleMaps.bundle */ = {isa = PBXFileReference; lastKnownFileType = "wrapper.plug-in"; name = GoogleMaps.bundle; path = GoogleMaps.framework/Versions/A/Resources/GoogleMaps.bundle; sourceTree = "<group>"; };
		2D37BDF51A822F74009A6562 /* AVFoundation.framework */ = {isa = PBXFileReference; lastKnownFileType = wrapper.framework; name = AVFoundation.framework; path = System/Library/Frameworks/AVFoundation.framework; sourceTree = SDKROOT; };
		2D37BDF71A822F7F009A6562 /* CoreData.framework */ = {isa = PBXFileReference; lastKnownFileType = wrapper.framework; name = CoreData.framework; path = System/Library/Frameworks/CoreData.framework; sourceTree = SDKROOT; };
		2D37BDF91A822F88009A6562 /* CoreLocation.framework */ = {isa = PBXFileReference; lastKnownFileType = wrapper.framework; name = CoreLocation.framework; path = System/Library/Frameworks/CoreLocation.framework; sourceTree = SDKROOT; };
		2D37BDFB1A822F92009A6562 /* GLKit.framework */ = {isa = PBXFileReference; lastKnownFileType = wrapper.framework; name = GLKit.framework; path = System/Library/Frameworks/GLKit.framework; sourceTree = SDKROOT; };
		2D37BDFD1A822F9C009A6562 /* ImageIO.framework */ = {isa = PBXFileReference; lastKnownFileType = wrapper.framework; name = ImageIO.framework; path = System/Library/Frameworks/ImageIO.framework; sourceTree = SDKROOT; };
		2D37BDFF1A822FAB009A6562 /* libc++.dylib */ = {isa = PBXFileReference; lastKnownFileType = "compiled.mach-o.dylib"; name = "libc++.dylib"; path = "usr/lib/libc++.dylib"; sourceTree = SDKROOT; };
		2D37BE011A822FBE009A6562 /* libicucore.dylib */ = {isa = PBXFileReference; lastKnownFileType = "compiled.mach-o.dylib"; name = libicucore.dylib; path = usr/lib/libicucore.dylib; sourceTree = SDKROOT; };
		2D37BE031A822FCB009A6562 /* libz.dylib */ = {isa = PBXFileReference; lastKnownFileType = "compiled.mach-o.dylib"; name = libz.dylib; path = usr/lib/libz.dylib; sourceTree = SDKROOT; };
		2D37BE051A822FD5009A6562 /* OpenGLES.framework */ = {isa = PBXFileReference; lastKnownFileType = wrapper.framework; name = OpenGLES.framework; path = System/Library/Frameworks/OpenGLES.framework; sourceTree = SDKROOT; };
		2D37BE071A822FDF009A6562 /* QuartzCore.framework */ = {isa = PBXFileReference; lastKnownFileType = wrapper.framework; name = QuartzCore.framework; path = System/Library/Frameworks/QuartzCore.framework; sourceTree = SDKROOT; };
		2D37BE091A822FEA009A6562 /* SystemConfiguration.framework */ = {isa = PBXFileReference; lastKnownFileType = wrapper.framework; name = SystemConfiguration.framework; path = System/Library/Frameworks/SystemConfiguration.framework; sourceTree = SDKROOT; };
		4928809254C217F84D5D52F8 /* Pods.release.xcconfig */ = {isa = PBXFileReference; includeInIndex = 1; lastKnownFileType = text.xcconfig; name = Pods.release.xcconfig; path = "Pods/Target Support Files/Pods/Pods.release.xcconfig"; sourceTree = "<group>"; };
		51A9F1CD1A8AB34400666C23 /* VasylKorsiubaViewControllerForTestsViewController.h */ = {isa = PBXFileReference; fileEncoding = 4; lastKnownFileType = sourcecode.c.h; path = VasylKorsiubaViewControllerForTestsViewController.h; sourceTree = "<group>"; };
		51A9F1CE1A8AB34400666C23 /* VasylKorsiubaViewControllerForTestsViewController.m */ = {isa = PBXFileReference; fileEncoding = 4; lastKnownFileType = sourcecode.c.objc; path = VasylKorsiubaViewControllerForTestsViewController.m; sourceTree = "<group>"; };
		51B485251A8417CB00BA8AFF /* EcomapLoggedUser.h */ = {isa = PBXFileReference; fileEncoding = 4; lastKnownFileType = sourcecode.c.h; name = EcomapLoggedUser.h; path = Model/EcomapLoggedUser.h; sourceTree = "<group>"; };
		51B485261A8417CB00BA8AFF /* EcomapLoggedUser.m */ = {isa = PBXFileReference; fileEncoding = 4; lastKnownFileType = sourcecode.c.objc; name = EcomapLoggedUser.m; path = Model/EcomapLoggedUser.m; sourceTree = "<group>"; };
		5F17A7831A8B592600C49FA1 /* EcomapResources.h */ = {isa = PBXFileReference; fileEncoding = 4; lastKnownFileType = sourcecode.c.h; path = EcomapResources.h; sourceTree = "<group>"; };
		5F17A7841A8B592600C49FA1 /* EcomapResources.m */ = {isa = PBXFileReference; fileEncoding = 4; lastKnownFileType = sourcecode.c.objc; path = EcomapResources.m; sourceTree = "<group>"; };
		5F17A7851A8B592600C49FA1 /* EcomapAlias.h */ = {isa = PBXFileReference; fileEncoding = 4; lastKnownFileType = sourcecode.c.h; path = EcomapAlias.h; sourceTree = "<group>"; };
		5F17A7861A8B592600C49FA1 /* EcomapAlias.m */ = {isa = PBXFileReference; fileEncoding = 4; lastKnownFileType = sourcecode.c.objc; path = EcomapAlias.m; sourceTree = "<group>"; };
		5F17A7891A8B596900C49FA1 /* ResourceCell.m */ = {isa = PBXFileReference; fileEncoding = 4; lastKnownFileType = sourcecode.c.objc; path = ResourceCell.m; sourceTree = "<group>"; };
		5F17A78A1A8B596900C49FA1 /* ResourceDetails.h */ = {isa = PBXFileReference; fileEncoding = 4; lastKnownFileType = sourcecode.c.h; path = ResourceDetails.h; sourceTree = "<group>"; };
		5F17A78B1A8B596900C49FA1 /* ResourceDetails.m */ = {isa = PBXFileReference; fileEncoding = 4; lastKnownFileType = sourcecode.c.objc; path = ResourceDetails.m; sourceTree = "<group>"; };
		5F17A78E1A8B597900C49FA1 /* ResourceCell.h */ = {isa = PBXFileReference; lastKnownFileType = sourcecode.c.h; path = ResourceCell.h; sourceTree = "<group>"; };
		5F17A78F1A8B74FE00C49FA1 /* NetworkActivityIndicator.h */ = {isa = PBXFileReference; fileEncoding = 4; lastKnownFileType = sourcecode.c.h; path = NetworkActivityIndicator.h; sourceTree = "<group>"; };
		5F17A7901A8B74FF00C49FA1 /* NetworkActivityIndicator.m */ = {isa = PBXFileReference; fileEncoding = 4; lastKnownFileType = sourcecode.c.objc; path = NetworkActivityIndicator.m; sourceTree = "<group>"; };
		90AE1B7A1A84BD3E0009F641 /* ProblemsTopListTVC.h */ = {isa = PBXFileReference; fileEncoding = 4; lastKnownFileType = sourcecode.c.h; path = ProblemsTopListTVC.h; sourceTree = "<group>"; };
		90AE1B7B1A84BD3E0009F641 /* ProblemsTopListTVC.m */ = {isa = PBXFileReference; fileEncoding = 4; lastKnownFileType = sourcecode.c.objc; path = ProblemsTopListTVC.m; sourceTree = "<group>"; };
		90AE1B7C1A84BD3E0009F641 /* PieChartViewController.h */ = {isa = PBXFileReference; fileEncoding = 4; lastKnownFileType = sourcecode.c.h; path = PieChartViewController.h; sourceTree = "<group>"; };
		90AE1B7D1A84BD3E0009F641 /* PieChartViewController.m */ = {isa = PBXFileReference; fileEncoding = 4; lastKnownFileType = sourcecode.c.objc; path = PieChartViewController.m; sourceTree = "<group>"; };
		90AE1B811A84BD730009F641 /* XYPieChart.h */ = {isa = PBXFileReference; fileEncoding = 4; lastKnownFileType = sourcecode.c.h; path = XYPieChart.h; sourceTree = "<group>"; };
		90AE1B821A84BD730009F641 /* XYPieChart.m */ = {isa = PBXFileReference; fileEncoding = 4; lastKnownFileType = sourcecode.c.objc; path = XYPieChart.m; sourceTree = "<group>"; };
		90AE1B841A84BE5D0009F641 /* EcomapStatsFetcher.h */ = {isa = PBXFileReference; fileEncoding = 4; lastKnownFileType = sourcecode.c.h; path = EcomapStatsFetcher.h; sourceTree = "<group>"; };
		90AE1B851A84BE5D0009F641 /* EcomapStatsFetcher.m */ = {isa = PBXFileReference; fileEncoding = 4; lastKnownFileType = sourcecode.c.objc; path = EcomapStatsFetcher.m; sourceTree = "<group>"; };
		90FF71B41A88D75600991A65 /* EcomapStatsParser.h */ = {isa = PBXFileReference; fileEncoding = 4; lastKnownFileType = sourcecode.c.h; path = EcomapStatsParser.h; sourceTree = "<group>"; };
		90FF71B51A88D75600991A65 /* EcomapStatsParser.m */ = {isa = PBXFileReference; fileEncoding = 4; lastKnownFileType = sourcecode.c.objc; path = EcomapStatsParser.m; sourceTree = "<group>"; };
		A7C20CEAB3C542AB9128991B /* libPods.a */ = {isa = PBXFileReference; explicitFileType = archive.ar; includeInIndex = 0; path = libPods.a; sourceTree = BUILT_PRODUCTS_DIR; };
		B323B5781A89F8FF00D02E2D /* AddProblemViewController.h */ = {isa = PBXFileReference; fileEncoding = 4; lastKnownFileType = sourcecode.c.h; path = AddProblemViewController.h; sourceTree = "<group>"; };
		B323B5791A89F8FF00D02E2D /* AddProblemViewController.m */ = {isa = PBXFileReference; fileEncoding = 4; lastKnownFileType = sourcecode.c.objc; path = AddProblemViewController.m; sourceTree = "<group>"; };
		B3488A6B1A8A027A00BDAF84 /* AddProblemNavigationView.xib */ = {isa = PBXFileReference; fileEncoding = 4; lastKnownFileType = file.xib; path = AddProblemNavigationView.xib; sourceTree = "<group>"; };
		B35343191A7F73ED00DD2F03 /* ecomap.app */ = {isa = PBXFileReference; explicitFileType = wrapper.application; includeInIndex = 0; path = ecomap.app; sourceTree = BUILT_PRODUCTS_DIR; };
		B353431D1A7F73ED00DD2F03 /* Info.plist */ = {isa = PBXFileReference; lastKnownFileType = text.plist.xml; path = Info.plist; sourceTree = "<group>"; };
		B353431E1A7F73ED00DD2F03 /* main.m */ = {isa = PBXFileReference; lastKnownFileType = sourcecode.c.objc; path = main.m; sourceTree = "<group>"; };
		B35343201A7F73ED00DD2F03 /* AppDelegate.h */ = {isa = PBXFileReference; lastKnownFileType = sourcecode.c.h; path = AppDelegate.h; sourceTree = "<group>"; };
		B35343211A7F73ED00DD2F03 /* AppDelegate.m */ = {isa = PBXFileReference; lastKnownFileType = sourcecode.c.objc; path = AppDelegate.m; sourceTree = "<group>"; };
		B35343241A7F73ED00DD2F03 /* ecomap.xcdatamodel */ = {isa = PBXFileReference; lastKnownFileType = wrapper.xcdatamodel; path = ecomap.xcdatamodel; sourceTree = "<group>"; };
		B35343261A7F73ED00DD2F03 /* MapViewController.h */ = {isa = PBXFileReference; lastKnownFileType = sourcecode.c.h; path = MapViewController.h; sourceTree = "<group>"; };
		B35343271A7F73ED00DD2F03 /* MapViewController.m */ = {isa = PBXFileReference; lastKnownFileType = sourcecode.c.objc; path = MapViewController.m; sourceTree = "<group>"; };
		B353432A1A7F73ED00DD2F03 /* Base */ = {isa = PBXFileReference; lastKnownFileType = file.storyboard; name = Base; path = Base.lproj/Main.storyboard; sourceTree = "<group>"; };
		B353432C1A7F73ED00DD2F03 /* Images.xcassets */ = {isa = PBXFileReference; lastKnownFileType = folder.assetcatalog; path = Images.xcassets; sourceTree = "<group>"; };
		B353432F1A7F73ED00DD2F03 /* Base */ = {isa = PBXFileReference; lastKnownFileType = file.xib; name = Base; path = Base.lproj/LaunchScreen.xib; sourceTree = "<group>"; };
		B35343351A7F73ED00DD2F03 /* ecomapTests.xctest */ = {isa = PBXFileReference; explicitFileType = wrapper.cfbundle; includeInIndex = 0; path = ecomapTests.xctest; sourceTree = BUILT_PRODUCTS_DIR; };
		B353433A1A7F73ED00DD2F03 /* Info.plist */ = {isa = PBXFileReference; lastKnownFileType = text.plist.xml; path = Info.plist; sourceTree = "<group>"; };
		B353433B1A7F73ED00DD2F03 /* ecomapTests.m */ = {isa = PBXFileReference; lastKnownFileType = sourcecode.c.objc; path = ecomapTests.m; sourceTree = "<group>"; };
		B35343481A7F758000DD2F03 /* SWRevealViewController.h */ = {isa = PBXFileReference; fileEncoding = 4; lastKnownFileType = sourcecode.c.h; path = SWRevealViewController.h; sourceTree = "<group>"; };
		B35343491A7F758000DD2F03 /* SWRevealViewController.m */ = {isa = PBXFileReference; fileEncoding = 4; lastKnownFileType = sourcecode.c.objc; path = SWRevealViewController.m; sourceTree = "<group>"; };
		B353434B1A7F778000DD2F03 /* EcomapRevealViewController.h */ = {isa = PBXFileReference; fileEncoding = 4; lastKnownFileType = sourcecode.c.h; path = EcomapRevealViewController.h; sourceTree = "<group>"; };
		B353434C1A7F778000DD2F03 /* EcomapRevealViewController.m */ = {isa = PBXFileReference; fileEncoding = 4; lastKnownFileType = sourcecode.c.objc; path = EcomapRevealViewController.m; sourceTree = "<group>"; };
		B353434E1A7F78A200DD2F03 /* MenuViewController.h */ = {isa = PBXFileReference; fileEncoding = 4; lastKnownFileType = sourcecode.c.h; path = MenuViewController.h; sourceTree = "<group>"; };
		B353434F1A7F78A200DD2F03 /* MenuViewController.m */ = {isa = PBXFileReference; fileEncoding = 4; lastKnownFileType = sourcecode.c.objc; path = MenuViewController.m; sourceTree = "<group>"; };
		B388FEFC1A7F863F009C421C /* MapKit.framework */ = {isa = PBXFileReference; lastKnownFileType = wrapper.framework; name = MapKit.framework; path = System/Library/Frameworks/MapKit.framework; sourceTree = SDKROOT; };
		B388FEFE1A7F8832009C421C /* MapSegue.h */ = {isa = PBXFileReference; fileEncoding = 4; lastKnownFileType = sourcecode.c.h; path = MapSegue.h; sourceTree = "<group>"; };
		B388FEFF1A7F8832009C421C /* MapSegue.m */ = {isa = PBXFileReference; fileEncoding = 4; lastKnownFileType = sourcecode.c.objc; path = MapSegue.m; sourceTree = "<group>"; };
		B388FF031A7F8AFF009C421C /* ResourcesViewController.h */ = {isa = PBXFileReference; fileEncoding = 4; lastKnownFileType = sourcecode.c.h; path = ResourcesViewController.h; sourceTree = "<group>"; };
		B388FF041A7F8AFF009C421C /* ResourcesViewController.m */ = {isa = PBXFileReference; fileEncoding = 4; lastKnownFileType = sourcecode.c.objc; path = ResourcesViewController.m; sourceTree = "<group>"; };
		B388FF061A7F905B009C421C /* LoginViewController.h */ = {isa = PBXFileReference; fileEncoding = 4; lastKnownFileType = sourcecode.c.h; path = LoginViewController.h; sourceTree = "<group>"; };
		B388FF071A7F905B009C421C /* LoginViewController.m */ = {isa = PBXFileReference; fileEncoding = 4; lastKnownFileType = sourcecode.c.objc; path = LoginViewController.m; sourceTree = "<group>"; };
		B3A8D0831A853FFF00017BAE /* Defines.h */ = {isa = PBXFileReference; lastKnownFileType = sourcecode.c.h; path = Defines.h; sourceTree = "<group>"; };
		B3A8D0841A85414C00017BAE /* AddProblemNameView.xib */ = {isa = PBXFileReference; fileEncoding = 4; lastKnownFileType = file.xib; path = AddProblemNameView.xib; sourceTree = "<group>"; };
		B3A8D0861A85439500017BAE /* AddProblemLocationView.xib */ = {isa = PBXFileReference; fileEncoding = 4; lastKnownFileType = file.xib; path = AddProblemLocationView.xib; sourceTree = "<group>"; };
		B3A8D0881A8553E500017BAE /* AddProblemTypeView.xib */ = {isa = PBXFileReference; fileEncoding = 4; lastKnownFileType = file.xib; path = AddProblemTypeView.xib; sourceTree = "<group>"; };
		B3A8D08A1A85540C00017BAE /* AddProblemDescriptionView.xib */ = {isa = PBXFileReference; fileEncoding = 4; lastKnownFileType = file.xib; path = AddProblemDescriptionView.xib; sourceTree = "<group>"; };
		B3A8D08C1A85541800017BAE /* AddProblemSolutionView.xib */ = {isa = PBXFileReference; fileEncoding = 4; lastKnownFileType = file.xib; path = AddProblemSolutionView.xib; sourceTree = "<group>"; };
		B3A8D08E1A85545600017BAE /* AddProblemPhotoView.xib */ = {isa = PBXFileReference; fileEncoding = 4; lastKnownFileType = file.xib; path = AddProblemPhotoView.xib; sourceTree = "<group>"; };
		B3C56A4E1A8A169000877227 /* add.png */ = {isa = PBXFileReference; lastKnownFileType = image.png; name = add.png; path = Images.xcassets/add.imageset/add.png; sourceTree = "<group>"; };
		CA4027A61A8F632800CA835F /* ProblemViewController.h */ = {isa = PBXFileReference; fileEncoding = 4; lastKnownFileType = sourcecode.c.h; path = ProblemViewController.h; sourceTree = "<group>"; };
		CA4027A71A8F632800CA835F /* ProblemViewController.m */ = {isa = PBXFileReference; fileEncoding = 4; lastKnownFileType = sourcecode.c.objc; path = ProblemViewController.m; sourceTree = "<group>"; };
		CABBB4FD1A853D400089065B /* GClusterAlgorithm.h */ = {isa = PBXFileReference; fileEncoding = 4; lastKnownFileType = sourcecode.c.h; path = GClusterAlgorithm.h; sourceTree = "<group>"; };
		CABBB4FE1A853D400089065B /* GQuadItem.h */ = {isa = PBXFileReference; fileEncoding = 4; lastKnownFileType = sourcecode.c.h; path = GQuadItem.h; sourceTree = "<group>"; };
		CABBB4FF1A853D400089065B /* GQuadItem.m */ = {isa = PBXFileReference; fileEncoding = 4; lastKnownFileType = sourcecode.c.objc; path = GQuadItem.m; sourceTree = "<group>"; };
		CABBB5001A853D400089065B /* GStaticCluster.h */ = {isa = PBXFileReference; fileEncoding = 4; lastKnownFileType = sourcecode.c.h; path = GStaticCluster.h; sourceTree = "<group>"; };
		CABBB5011A853D400089065B /* GStaticCluster.m */ = {isa = PBXFileReference; fileEncoding = 4; lastKnownFileType = sourcecode.c.objc; path = GStaticCluster.m; sourceTree = "<group>"; };
		CABBB5021A853D400089065B /* NonHierarchicalDistanceBasedAlgorithm.h */ = {isa = PBXFileReference; fileEncoding = 4; lastKnownFileType = sourcecode.c.h; path = NonHierarchicalDistanceBasedAlgorithm.h; sourceTree = "<group>"; };
		CABBB5031A853D400089065B /* NonHierarchicalDistanceBasedAlgorithm.m */ = {isa = PBXFileReference; fileEncoding = 4; lastKnownFileType = sourcecode.c.objc; path = NonHierarchicalDistanceBasedAlgorithm.m; sourceTree = "<group>"; };
		CABBB5041A853D400089065B /* GCluster.h */ = {isa = PBXFileReference; fileEncoding = 4; lastKnownFileType = sourcecode.c.h; path = GCluster.h; sourceTree = "<group>"; };
		CABBB5051A853D400089065B /* GClusterItem.h */ = {isa = PBXFileReference; fileEncoding = 4; lastKnownFileType = sourcecode.c.h; path = GClusterItem.h; sourceTree = "<group>"; };
		CABBB5061A853D400089065B /* GClusterManager.h */ = {isa = PBXFileReference; fileEncoding = 4; lastKnownFileType = sourcecode.c.h; path = GClusterManager.h; sourceTree = "<group>"; };
		CABBB5071A853D400089065B /* GClusterManager.m */ = {isa = PBXFileReference; fileEncoding = 4; lastKnownFileType = sourcecode.c.objc; path = GClusterManager.m; sourceTree = "<group>"; };
		CABBB5081A853D400089065B /* SphericalMercatorProjection.h */ = {isa = PBXFileReference; fileEncoding = 4; lastKnownFileType = sourcecode.c.h; path = SphericalMercatorProjection.h; sourceTree = "<group>"; };
		CABBB5091A853D400089065B /* SphericalMercatorProjection.m */ = {isa = PBXFileReference; fileEncoding = 4; lastKnownFileType = sourcecode.c.objc; path = SphericalMercatorProjection.m; sourceTree = "<group>"; };
		CABBB50B1A853D400089065B /* EcomapClusterRenderer.h */ = {isa = PBXFileReference; fileEncoding = 4; lastKnownFileType = sourcecode.c.h; path = EcomapClusterRenderer.h; sourceTree = "<group>"; };
		CABBB50C1A853D400089065B /* EcomapClusterRenderer.m */ = {isa = PBXFileReference; fileEncoding = 4; lastKnownFileType = sourcecode.c.objc; path = EcomapClusterRenderer.m; sourceTree = "<group>"; };
		CABBB50D1A853D400089065B /* GClusterRenderer.h */ = {isa = PBXFileReference; fileEncoding = 4; lastKnownFileType = sourcecode.c.h; path = GClusterRenderer.h; sourceTree = "<group>"; };
		CABBB50E1A853D400089065B /* GDefaultClusterRenderer.h */ = {isa = PBXFileReference; fileEncoding = 4; lastKnownFileType = sourcecode.c.h; path = GDefaultClusterRenderer.h; sourceTree = "<group>"; };
		CABBB50F1A853D400089065B /* GDefaultClusterRenderer.m */ = {isa = PBXFileReference; fileEncoding = 4; lastKnownFileType = sourcecode.c.objc; path = GDefaultClusterRenderer.m; sourceTree = "<group>"; };
		CABBB5101A853D400089065B /* Spot.h */ = {isa = PBXFileReference; fileEncoding = 4; lastKnownFileType = sourcecode.c.h; path = Spot.h; sourceTree = "<group>"; };
		CABBB5111A853D400089065B /* Spot.m */ = {isa = PBXFileReference; fileEncoding = 4; lastKnownFileType = sourcecode.c.objc; path = Spot.m; sourceTree = "<group>"; };
		CABBB51B1A853D6F0089065B /* GQTBounds.h */ = {isa = PBXFileReference; fileEncoding = 4; lastKnownFileType = sourcecode.c.h; path = GQTBounds.h; sourceTree = "<group>"; };
		CABBB51C1A853D6F0089065B /* GQTPoint.h */ = {isa = PBXFileReference; fileEncoding = 4; lastKnownFileType = sourcecode.c.h; path = GQTPoint.h; sourceTree = "<group>"; };
		CABBB51D1A853D6F0089065B /* GQTPointQuadTree.h */ = {isa = PBXFileReference; fileEncoding = 4; lastKnownFileType = sourcecode.c.h; path = GQTPointQuadTree.h; sourceTree = "<group>"; };
		CABBB51E1A853D6F0089065B /* GQTPointQuadTree.m */ = {isa = PBXFileReference; fileEncoding = 4; lastKnownFileType = sourcecode.c.objc; path = GQTPointQuadTree.m; sourceTree = "<group>"; };
		CABBB51F1A853D6F0089065B /* GQTPointQuadTreeChild.h */ = {isa = PBXFileReference; fileEncoding = 4; lastKnownFileType = sourcecode.c.h; path = GQTPointQuadTreeChild.h; sourceTree = "<group>"; };
		CABBB5201A853D6F0089065B /* GQTPointQuadTreeChild.m */ = {isa = PBXFileReference; fileEncoding = 4; lastKnownFileType = sourcecode.c.objc; path = GQTPointQuadTreeChild.m; sourceTree = "<group>"; };
		CABBB5211A853D6F0089065B /* GQTPointQuadTreeItem.h */ = {isa = PBXFileReference; fileEncoding = 4; lastKnownFileType = sourcecode.c.h; path = GQTPointQuadTreeItem.h; sourceTree = "<group>"; };
		CABBB5241A8A844D0089065B /* EcomapPhoto.h */ = {isa = PBXFileReference; fileEncoding = 4; lastKnownFileType = sourcecode.c.h; path = EcomapPhoto.h; sourceTree = "<group>"; };
		CABBB5251A8A844D0089065B /* EcomapPhoto.m */ = {isa = PBXFileReference; fileEncoding = 4; lastKnownFileType = sourcecode.c.objc; path = EcomapPhoto.m; sourceTree = "<group>"; };
		CABBB5271A8A84690089065B /* EcomapComments.h */ = {isa = PBXFileReference; fileEncoding = 4; lastKnownFileType = sourcecode.c.h; path = EcomapComments.h; sourceTree = "<group>"; };
		CABBB5281A8A84690089065B /* EcomapComments.m */ = {isa = PBXFileReference; fileEncoding = 4; lastKnownFileType = sourcecode.c.objc; path = EcomapComments.m; sourceTree = "<group>"; };
		E582D0B71A8CCAD200AD957A /* GlobalLoggerLevel.h */ = {isa = PBXFileReference; lastKnownFileType = sourcecode.c.h; path = GlobalLoggerLevel.h; sourceTree = "<group>"; };
		E5A978951A80FE2000D8283B /* EcomapPathDefine.h */ = {isa = PBXFileReference; lastKnownFileType = sourcecode.c.h; name = EcomapPathDefine.h; path = Model/EcomapPathDefine.h; sourceTree = "<group>"; };
		E5F27C911A80F9A300121A7E /* EcomapFetcher.h */ = {isa = PBXFileReference; fileEncoding = 4; lastKnownFileType = sourcecode.c.h; name = EcomapFetcher.h; path = Model/EcomapFetcher.h; sourceTree = "<group>"; };
		E5F27C921A80F9A300121A7E /* EcomapFetcher.m */ = {isa = PBXFileReference; fileEncoding = 4; lastKnownFileType = sourcecode.c.objc; name = EcomapFetcher.m; path = Model/EcomapFetcher.m; sourceTree = "<group>"; };
		E5F27C931A80F9A300121A7E /* EcomapProblem.h */ = {isa = PBXFileReference; fileEncoding = 4; lastKnownFileType = sourcecode.c.h; name = EcomapProblem.h; path = Model/EcomapProblem.h; sourceTree = "<group>"; };
		E5F27C941A80F9A300121A7E /* EcomapProblem.m */ = {isa = PBXFileReference; fileEncoding = 4; lastKnownFileType = sourcecode.c.objc; name = EcomapProblem.m; path = Model/EcomapProblem.m; sourceTree = "<group>"; };
		E5F27C951A80F9A300121A7E /* EcomapProblemDetails.h */ = {isa = PBXFileReference; fileEncoding = 4; lastKnownFileType = sourcecode.c.h; name = EcomapProblemDetails.h; path = Model/EcomapProblemDetails.h; sourceTree = "<group>"; };
		E5F27C961A80F9A300121A7E /* EcomapProblemDetails.m */ = {isa = PBXFileReference; fileEncoding = 4; lastKnownFileType = sourcecode.c.objc; name = EcomapProblemDetails.m; path = Model/EcomapProblemDetails.m; sourceTree = "<group>"; };
		E5F27C971A80F9A300121A7E /* EcomapURLFetcher.h */ = {isa = PBXFileReference; fileEncoding = 4; lastKnownFileType = sourcecode.c.h; name = EcomapURLFetcher.h; path = Model/EcomapURLFetcher.h; sourceTree = "<group>"; };
		E5F27C981A80F9A300121A7E /* EcomapURLFetcher.m */ = {isa = PBXFileReference; fileEncoding = 4; lastKnownFileType = sourcecode.c.objc; name = EcomapURLFetcher.m; path = Model/EcomapURLFetcher.m; sourceTree = "<group>"; };
/* End PBXFileReference section */

/* Begin PBXFrameworksBuildPhase section */
		B35343161A7F73ED00DD2F03 /* Frameworks */ = {
			isa = PBXFrameworksBuildPhase;
			buildActionMask = 2147483647;
			files = (
				2D37BE0A1A822FEA009A6562 /* SystemConfiguration.framework in Frameworks */,
				2D37BE081A822FDF009A6562 /* QuartzCore.framework in Frameworks */,
				2D37BE061A822FD5009A6562 /* OpenGLES.framework in Frameworks */,
				2D37BE041A822FCB009A6562 /* libz.dylib in Frameworks */,
				2D37BE021A822FBE009A6562 /* libicucore.dylib in Frameworks */,
				2D37BE001A822FAB009A6562 /* libc++.dylib in Frameworks */,
				2D37BDFE1A822F9C009A6562 /* ImageIO.framework in Frameworks */,
				2D37BDFC1A822F92009A6562 /* GLKit.framework in Frameworks */,
				2D37BDFA1A822F88009A6562 /* CoreLocation.framework in Frameworks */,
				2D37BDF81A822F7F009A6562 /* CoreData.framework in Frameworks */,
				2D37BDF61A822F74009A6562 /* AVFoundation.framework in Frameworks */,
				2D37BDF21A822EF0009A6562 /* GoogleMaps.framework in Frameworks */,
				B388FEFD1A7F863F009C421C /* MapKit.framework in Frameworks */,
				4F921DED369B45159F5FE300 /* libPods.a in Frameworks */,
			);
			runOnlyForDeploymentPostprocessing = 0;
		};
		B35343321A7F73ED00DD2F03 /* Frameworks */ = {
			isa = PBXFrameworksBuildPhase;
			buildActionMask = 2147483647;
			files = (
			);
			runOnlyForDeploymentPostprocessing = 0;
		};
/* End PBXFrameworksBuildPhase section */

/* Begin PBXGroup section */
		51B485231A8415EE00BA8AFF /* Fetcher Helper Classes */ = {
			isa = PBXGroup;
			children = (
				E5A978951A80FE2000D8283B /* EcomapPathDefine.h */,
				E5F27C971A80F9A300121A7E /* EcomapURLFetcher.h */,
				E5F27C981A80F9A300121A7E /* EcomapURLFetcher.m */,
			);
			name = "Fetcher Helper Classes";
			sourceTree = "<group>";
		};
		51B485241A8415F800BA8AFF /* Value-Object Classes */ = {
			isa = PBXGroup;
			children = (
				E5F27C931A80F9A300121A7E /* EcomapProblem.h */,
				E5F27C941A80F9A300121A7E /* EcomapProblem.m */,
				E5F27C951A80F9A300121A7E /* EcomapProblemDetails.h */,
				E5F27C961A80F9A300121A7E /* EcomapProblemDetails.m */,
				51B485251A8417CB00BA8AFF /* EcomapLoggedUser.h */,
				51B485261A8417CB00BA8AFF /* EcomapLoggedUser.m */,
				CABBB5241A8A844D0089065B /* EcomapPhoto.h */,
				CABBB5251A8A844D0089065B /* EcomapPhoto.m */,
				CABBB5271A8A84690089065B /* EcomapComments.h */,
				CABBB5281A8A84690089065B /* EcomapComments.m */,
				5F17A7831A8B592600C49FA1 /* EcomapResources.h */,
				5F17A7841A8B592600C49FA1 /* EcomapResources.m */,
				5F17A7851A8B592600C49FA1 /* EcomapAlias.h */,
				5F17A7861A8B592600C49FA1 /* EcomapAlias.m */,
			);
			name = "Value-Object Classes";
			sourceTree = "<group>";
		};
		90AE1B801A84BD730009F641 /* XYPieChart */ = {
			isa = PBXGroup;
			children = (
				90AE1B811A84BD730009F641 /* XYPieChart.h */,
				90AE1B821A84BD730009F641 /* XYPieChart.m */,
			);
			path = XYPieChart;
			sourceTree = "<group>";
		};
		B35343101A7F73ED00DD2F03 = {
			isa = PBXGroup;
			children = (
				B353431B1A7F73ED00DD2F03 /* ecomap */,
				B35343381A7F73ED00DD2F03 /* ecomapTests */,
				B353431A1A7F73ED00DD2F03 /* Products */,
				B388FF011A7F884A009C421C /* Frameworks */,
				D8180E66A3DCC2B8361FF89A /* Pods */,
			);
			sourceTree = "<group>";
		};
		B353431A1A7F73ED00DD2F03 /* Products */ = {
			isa = PBXGroup;
			children = (
				B35343191A7F73ED00DD2F03 /* ecomap.app */,
				B35343351A7F73ED00DD2F03 /* ecomapTests.xctest */,
			);
			name = Products;
			sourceTree = "<group>";
		};
		B353431B1A7F73ED00DD2F03 /* ecomap */ = {
			isa = PBXGroup;
			children = (
				CABBB4FB1A853D400089065B /* Clustering */,
				E5F27C901A80F98D00121A7E /* Model */,
				B35343291A7F73ED00DD2F03 /* Main.storyboard */,
				B388FF061A7F905B009C421C /* LoginViewController.h */,
				B388FF071A7F905B009C421C /* LoginViewController.m */,
				B35343261A7F73ED00DD2F03 /* MapViewController.h */,
				B35343271A7F73ED00DD2F03 /* MapViewController.m */,
				B323B5781A89F8FF00D02E2D /* AddProblemViewController.h */,
				B323B5791A89F8FF00D02E2D /* AddProblemViewController.m */,
				B353434E1A7F78A200DD2F03 /* MenuViewController.h */,
				B353434F1A7F78A200DD2F03 /* MenuViewController.m */,
				90AE1B7A1A84BD3E0009F641 /* ProblemsTopListTVC.h */,
				90AE1B7B1A84BD3E0009F641 /* ProblemsTopListTVC.m */,
				CA4027A61A8F632800CA835F /* ProblemViewController.h */,
				CA4027A71A8F632800CA835F /* ProblemViewController.m */,
				90AE1B7C1A84BD3E0009F641 /* PieChartViewController.h */,
				90AE1B7D1A84BD3E0009F641 /* PieChartViewController.m */,
				51A9F1CD1A8AB34400666C23 /* VasylKorsiubaViewControllerForTestsViewController.h */,
				51A9F1CE1A8AB34400666C23 /* VasylKorsiubaViewControllerForTestsViewController.m */,
				B388FF031A7F8AFF009C421C /* ResourcesViewController.h */,
				B388FF041A7F8AFF009C421C /* ResourcesViewController.m */,
				5F17A78E1A8B597900C49FA1 /* ResourceCell.h */,
				5F17A7891A8B596900C49FA1 /* ResourceCell.m */,
				5F17A78A1A8B596900C49FA1 /* ResourceDetails.h */,
				5F17A78B1A8B596900C49FA1 /* ResourceDetails.m */,
				B3A8D0901A85545D00017BAE /* AddProblem */,
				90AE1B801A84BD730009F641 /* XYPieChart */,
				12B47F261A83A142008FAF8D /* RegisterViewController.h */,
				12B47F271A83A142008FAF8D /* RegisterViewController.m */,
				B388FF021A7F89D5009C421C /* Segues */,
				B35343471A7F758000DD2F03 /* SWRevealViewController */,
				B353431C1A7F73ED00DD2F03 /* Supporting Files */,
			);
			path = ecomap;
			sourceTree = "<group>";
		};
		B353431C1A7F73ED00DD2F03 /* Supporting Files */ = {
			isa = PBXGroup;
			children = (
				B3A8D0831A853FFF00017BAE /* Defines.h */,
				B35343201A7F73ED00DD2F03 /* AppDelegate.h */,
				B3C56A4E1A8A169000877227 /* add.png */,
				B35343211A7F73ED00DD2F03 /* AppDelegate.m */,
				B353432C1A7F73ED00DD2F03 /* Images.xcassets */,
				B353432E1A7F73ED00DD2F03 /* LaunchScreen.xib */,
				B35343231A7F73ED00DD2F03 /* ecomap.xcdatamodeld */,
				B353431D1A7F73ED00DD2F03 /* Info.plist */,
				B353431E1A7F73ED00DD2F03 /* main.m */,
			);
			name = "Supporting Files";
			sourceTree = "<group>";
		};
		B35343381A7F73ED00DD2F03 /* ecomapTests */ = {
			isa = PBXGroup;
			children = (
				B353433B1A7F73ED00DD2F03 /* ecomapTests.m */,
				B35343391A7F73ED00DD2F03 /* Supporting Files */,
			);
			path = ecomapTests;
			sourceTree = "<group>";
		};
		B35343391A7F73ED00DD2F03 /* Supporting Files */ = {
			isa = PBXGroup;
			children = (
				B353433A1A7F73ED00DD2F03 /* Info.plist */,
			);
			name = "Supporting Files";
			sourceTree = "<group>";
		};
		B35343471A7F758000DD2F03 /* SWRevealViewController */ = {
			isa = PBXGroup;
			children = (
				B35343481A7F758000DD2F03 /* SWRevealViewController.h */,
				B35343491A7F758000DD2F03 /* SWRevealViewController.m */,
				B353434B1A7F778000DD2F03 /* EcomapRevealViewController.h */,
				B353434C1A7F778000DD2F03 /* EcomapRevealViewController.m */,
			);
			path = SWRevealViewController;
			sourceTree = "<group>";
		};
		B388FF011A7F884A009C421C /* Frameworks */ = {
			isa = PBXGroup;
			children = (
				2D37BE091A822FEA009A6562 /* SystemConfiguration.framework */,
				2D37BE071A822FDF009A6562 /* QuartzCore.framework */,
				2D37BE051A822FD5009A6562 /* OpenGLES.framework */,
				2D37BE031A822FCB009A6562 /* libz.dylib */,
				2D37BE011A822FBE009A6562 /* libicucore.dylib */,
				2D37BDFF1A822FAB009A6562 /* libc++.dylib */,
				2D37BDFD1A822F9C009A6562 /* ImageIO.framework */,
				2D37BDFB1A822F92009A6562 /* GLKit.framework */,
				2D37BDF91A822F88009A6562 /* CoreLocation.framework */,
				2D37BDF71A822F7F009A6562 /* CoreData.framework */,
				2D37BDF51A822F74009A6562 /* AVFoundation.framework */,
				2D37BDF31A822F37009A6562 /* GoogleMaps.bundle */,
				2D37BDF11A822EF0009A6562 /* GoogleMaps.framework */,
				B388FEFC1A7F863F009C421C /* MapKit.framework */,
				A7C20CEAB3C542AB9128991B /* libPods.a */,
			);
			name = Frameworks;
			sourceTree = "<group>";
		};
		B388FF021A7F89D5009C421C /* Segues */ = {
			isa = PBXGroup;
			children = (
				B388FEFE1A7F8832009C421C /* MapSegue.h */,
				B388FEFF1A7F8832009C421C /* MapSegue.m */,
			);
			name = Segues;
			sourceTree = "<group>";
		};
		B3A8D0901A85545D00017BAE /* AddProblem */ = {
			isa = PBXGroup;
			children = (
				B3FF8F9F1A84DE0B008FED3D /* Views */,
			);
			name = AddProblem;
			sourceTree = "<group>";
		};
		B3FF8F9F1A84DE0B008FED3D /* Views */ = {
			isa = PBXGroup;
			children = (
				B3488A6B1A8A027A00BDAF84 /* AddProblemNavigationView.xib */,
				B3A8D0861A85439500017BAE /* AddProblemLocationView.xib */,
				B3A8D0841A85414C00017BAE /* AddProblemNameView.xib */,
				B3A8D0881A8553E500017BAE /* AddProblemTypeView.xib */,
				B3A8D08A1A85540C00017BAE /* AddProblemDescriptionView.xib */,
				B3A8D08C1A85541800017BAE /* AddProblemSolutionView.xib */,
				B3A8D08E1A85545600017BAE /* AddProblemPhotoView.xib */,
			);
			name = Views;
			sourceTree = "<group>";
		};
		CABBB4FB1A853D400089065B /* Clustering */ = {
			isa = PBXGroup;
			children = (
				CABBB51A1A853D6F0089065B /* QuadTree */,
				CABBB4FC1A853D400089065B /* Algorithms */,
				CABBB5041A853D400089065B /* GCluster.h */,
				CABBB5051A853D400089065B /* GClusterItem.h */,
				CABBB5061A853D400089065B /* GClusterManager.h */,
				CABBB5071A853D400089065B /* GClusterManager.m */,
				CABBB5081A853D400089065B /* SphericalMercatorProjection.h */,
				CABBB5091A853D400089065B /* SphericalMercatorProjection.m */,
				CABBB50A1A853D400089065B /* View */,
			);
			path = Clustering;
			sourceTree = "<group>";
		};
		CABBB4FC1A853D400089065B /* Algorithms */ = {
			isa = PBXGroup;
			children = (
				CABBB4FD1A853D400089065B /* GClusterAlgorithm.h */,
				CABBB4FE1A853D400089065B /* GQuadItem.h */,
				CABBB4FF1A853D400089065B /* GQuadItem.m */,
				CABBB5001A853D400089065B /* GStaticCluster.h */,
				CABBB5011A853D400089065B /* GStaticCluster.m */,
				CABBB5021A853D400089065B /* NonHierarchicalDistanceBasedAlgorithm.h */,
				CABBB5031A853D400089065B /* NonHierarchicalDistanceBasedAlgorithm.m */,
			);
			path = Algorithms;
			sourceTree = "<group>";
		};
		CABBB50A1A853D400089065B /* View */ = {
			isa = PBXGroup;
			children = (
				CABBB50B1A853D400089065B /* EcomapClusterRenderer.h */,
				CABBB50C1A853D400089065B /* EcomapClusterRenderer.m */,
				CABBB50D1A853D400089065B /* GClusterRenderer.h */,
				CABBB50E1A853D400089065B /* GDefaultClusterRenderer.h */,
				CABBB50F1A853D400089065B /* GDefaultClusterRenderer.m */,
				CABBB5101A853D400089065B /* Spot.h */,
				CABBB5111A853D400089065B /* Spot.m */,
			);
			path = View;
			sourceTree = "<group>";
		};
		CABBB51A1A853D6F0089065B /* QuadTree */ = {
			isa = PBXGroup;
			children = (
				CABBB51B1A853D6F0089065B /* GQTBounds.h */,
				CABBB51C1A853D6F0089065B /* GQTPoint.h */,
				CABBB51D1A853D6F0089065B /* GQTPointQuadTree.h */,
				CABBB51E1A853D6F0089065B /* GQTPointQuadTree.m */,
				CABBB51F1A853D6F0089065B /* GQTPointQuadTreeChild.h */,
				CABBB5201A853D6F0089065B /* GQTPointQuadTreeChild.m */,
				CABBB5211A853D6F0089065B /* GQTPointQuadTreeItem.h */,
			);
			path = QuadTree;
			sourceTree = "<group>";
		};
		D8180E66A3DCC2B8361FF89A /* Pods */ = {
			isa = PBXGroup;
			children = (
				297826EF813E17D3E56E38B4 /* Pods.debug.xcconfig */,
				4928809254C217F84D5D52F8 /* Pods.release.xcconfig */,
			);
			name = Pods;
			sourceTree = "<group>";
		};
		E5F27C901A80F98D00121A7E /* Model */ = {
			isa = PBXGroup;
			children = (
				51B485231A8415EE00BA8AFF /* Fetcher Helper Classes */,
				51B485241A8415F800BA8AFF /* Value-Object Classes */,
				E5F27C911A80F9A300121A7E /* EcomapFetcher.h */,
				E5F27C921A80F9A300121A7E /* EcomapFetcher.m */,
				5F17A78F1A8B74FE00C49FA1 /* NetworkActivityIndicator.h */,
				5F17A7901A8B74FF00C49FA1 /* NetworkActivityIndicator.m */,
				90AE1B841A84BE5D0009F641 /* EcomapStatsFetcher.h */,
				90AE1B851A84BE5D0009F641 /* EcomapStatsFetcher.m */,
				90FF71B41A88D75600991A65 /* EcomapStatsParser.h */,
				90FF71B51A88D75600991A65 /* EcomapStatsParser.m */,
				E582D0B71A8CCAD200AD957A /* GlobalLoggerLevel.h */,
			);
			name = Model;
			sourceTree = "<group>";
		};
/* End PBXGroup section */

/* Begin PBXNativeTarget section */
		B35343181A7F73ED00DD2F03 /* ecomap */ = {
			isa = PBXNativeTarget;
			buildConfigurationList = B353433F1A7F73ED00DD2F03 /* Build configuration list for PBXNativeTarget "ecomap" */;
			buildPhases = (
				98A59A5C8A9142EB90019505 /* Check Pods Manifest.lock */,
				B35343151A7F73ED00DD2F03 /* Sources */,
				B35343161A7F73ED00DD2F03 /* Frameworks */,
				B35343171A7F73ED00DD2F03 /* Resources */,
				E1B10EFF80B04715B494B3FF /* Copy Pods Resources */,
			);
			buildRules = (
			);
			dependencies = (
			);
			name = ecomap;
			productName = ecomap;
			productReference = B35343191A7F73ED00DD2F03 /* ecomap.app */;
			productType = "com.apple.product-type.application";
		};
		B35343341A7F73ED00DD2F03 /* ecomapTests */ = {
			isa = PBXNativeTarget;
			buildConfigurationList = B35343421A7F73ED00DD2F03 /* Build configuration list for PBXNativeTarget "ecomapTests" */;
			buildPhases = (
				B35343311A7F73ED00DD2F03 /* Sources */,
				B35343321A7F73ED00DD2F03 /* Frameworks */,
				B35343331A7F73ED00DD2F03 /* Resources */,
			);
			buildRules = (
			);
			dependencies = (
				B35343371A7F73ED00DD2F03 /* PBXTargetDependency */,
			);
			name = ecomapTests;
			productName = ecomapTests;
			productReference = B35343351A7F73ED00DD2F03 /* ecomapTests.xctest */;
			productType = "com.apple.product-type.bundle.unit-test";
		};
/* End PBXNativeTarget section */

/* Begin PBXProject section */
		B35343111A7F73ED00DD2F03 /* Project object */ = {
			isa = PBXProject;
			attributes = {
				LastUpgradeCheck = 0620;
				ORGANIZATIONNAME = SoftServe;
				TargetAttributes = {
					B35343181A7F73ED00DD2F03 = {
						CreatedOnToolsVersion = 6.2;
						DevelopmentTeam = 7VZHFC2543;
					};
					B35343341A7F73ED00DD2F03 = {
						CreatedOnToolsVersion = 6.2;
						TestTargetID = B35343181A7F73ED00DD2F03;
					};
				};
			};
			buildConfigurationList = B35343141A7F73ED00DD2F03 /* Build configuration list for PBXProject "ecomap" */;
			compatibilityVersion = "Xcode 3.2";
			developmentRegion = English;
			hasScannedForEncodings = 0;
			knownRegions = (
				en,
				Base,
			);
			mainGroup = B35343101A7F73ED00DD2F03;
			productRefGroup = B353431A1A7F73ED00DD2F03 /* Products */;
			projectDirPath = "";
			projectRoot = "";
			targets = (
				B35343181A7F73ED00DD2F03 /* ecomap */,
				B35343341A7F73ED00DD2F03 /* ecomapTests */,
			);
		};
/* End PBXProject section */

/* Begin PBXResourcesBuildPhase section */
		B35343171A7F73ED00DD2F03 /* Resources */ = {
			isa = PBXResourcesBuildPhase;
			buildActionMask = 2147483647;
			files = (
				B3A8D08F1A85545600017BAE /* AddProblemPhotoView.xib in Resources */,
				B3A8D0851A85414C00017BAE /* AddProblemNameView.xib in Resources */,
				B353432B1A7F73ED00DD2F03 /* Main.storyboard in Resources */,
				B3C56A4F1A8A169000877227 /* add.png in Resources */,
				B35343301A7F73ED00DD2F03 /* LaunchScreen.xib in Resources */,
				B3A8D0871A85439500017BAE /* AddProblemLocationView.xib in Resources */,
				B3A8D08D1A85541800017BAE /* AddProblemSolutionView.xib in Resources */,
				B353432D1A7F73ED00DD2F03 /* Images.xcassets in Resources */,
				B3A8D0891A8553E500017BAE /* AddProblemTypeView.xib in Resources */,
				2D37BDF41A822F37009A6562 /* GoogleMaps.bundle in Resources */,
				B3488A6C1A8A027A00BDAF84 /* AddProblemNavigationView.xib in Resources */,
				B3A8D08B1A85540C00017BAE /* AddProblemDescriptionView.xib in Resources */,
			);
			runOnlyForDeploymentPostprocessing = 0;
		};
		B35343331A7F73ED00DD2F03 /* Resources */ = {
			isa = PBXResourcesBuildPhase;
			buildActionMask = 2147483647;
			files = (
			);
			runOnlyForDeploymentPostprocessing = 0;
		};
/* End PBXResourcesBuildPhase section */

/* Begin PBXShellScriptBuildPhase section */
		98A59A5C8A9142EB90019505 /* Check Pods Manifest.lock */ = {
			isa = PBXShellScriptBuildPhase;
			buildActionMask = 2147483647;
			files = (
			);
			inputPaths = (
			);
			name = "Check Pods Manifest.lock";
			outputPaths = (
			);
			runOnlyForDeploymentPostprocessing = 0;
			shellPath = /bin/sh;
			shellScript = "diff \"${PODS_ROOT}/../Podfile.lock\" \"${PODS_ROOT}/Manifest.lock\" > /dev/null\nif [[ $? != 0 ]] ; then\n    cat << EOM\nerror: The sandbox is not in sync with the Podfile.lock. Run 'pod install' or update your CocoaPods installation.\nEOM\n    exit 1\nfi\n";
			showEnvVarsInLog = 0;
		};
		E1B10EFF80B04715B494B3FF /* Copy Pods Resources */ = {
			isa = PBXShellScriptBuildPhase;
			buildActionMask = 2147483647;
			files = (
			);
			inputPaths = (
			);
			name = "Copy Pods Resources";
			outputPaths = (
			);
			runOnlyForDeploymentPostprocessing = 0;
			shellPath = /bin/sh;
			shellScript = "\"${SRCROOT}/Pods/Target Support Files/Pods/Pods-resources.sh\"\n";
			showEnvVarsInLog = 0;
		};
/* End PBXShellScriptBuildPhase section */

/* Begin PBXSourcesBuildPhase section */
		B35343151A7F73ED00DD2F03 /* Sources */ = {
			isa = PBXSourcesBuildPhase;
			buildActionMask = 2147483647;
			files = (
				B35343251A7F73ED00DD2F03 /* ecomap.xcdatamodeld in Sources */,
				CABBB5121A853D400089065B /* GQuadItem.m in Sources */,
				CABBB5221A853D6F0089065B /* GQTPointQuadTree.m in Sources */,
				CABBB5131A853D400089065B /* GStaticCluster.m in Sources */,
				12B47F281A83A142008FAF8D /* RegisterViewController.m in Sources */,
				CABBB5231A853D6F0089065B /* GQTPointQuadTreeChild.m in Sources */,
				B35343221A7F73ED00DD2F03 /* AppDelegate.m in Sources */,
				B323B57A1A89F8FF00D02E2D /* AddProblemViewController.m in Sources */,
				CABBB5181A853D400089065B /* GDefaultClusterRenderer.m in Sources */,
				51B485271A8417CB00BA8AFF /* EcomapLoggedUser.m in Sources */,
				90FF71B61A88D75600991A65 /* EcomapStatsParser.m in Sources */,
				90AE1B7F1A84BD3E0009F641 /* PieChartViewController.m in Sources */,
				5F17A7871A8B592600C49FA1 /* EcomapResources.m in Sources */,
				B353434A1A7F758000DD2F03 /* SWRevealViewController.m in Sources */,
				CABBB5141A853D400089065B /* NonHierarchicalDistanceBasedAlgorithm.m in Sources */,
				B35343281A7F73ED00DD2F03 /* MapViewController.m in Sources */,
				CABBB5171A853D400089065B /* EcomapClusterRenderer.m in Sources */,
				5F17A78C1A8B596900C49FA1 /* ResourceCell.m in Sources */,
				5F17A7881A8B592600C49FA1 /* EcomapAlias.m in Sources */,
				CABBB5161A853D400089065B /* SphericalMercatorProjection.m in Sources */,
				B388FF081A7F905B009C421C /* LoginViewController.m in Sources */,
				E5F27C991A80F9A300121A7E /* EcomapFetcher.m in Sources */,
				CABBB5191A853D400089065B /* Spot.m in Sources */,
				B388FF001A7F8832009C421C /* MapSegue.m in Sources */,
				E5F27C9A1A80F9A300121A7E /* EcomapProblem.m in Sources */,
				B353434D1A7F778000DD2F03 /* EcomapRevealViewController.m in Sources */,
				CA4027A81A8F632800CA835F /* ProblemViewController.m in Sources */,
				90AE1B861A84BE5D0009F641 /* EcomapStatsFetcher.m in Sources */,
				CABBB5291A8A84690089065B /* EcomapComments.m in Sources */,
				CABBB5151A853D400089065B /* GClusterManager.m in Sources */,
				51A9F1CF1A8AB34400666C23 /* VasylKorsiubaViewControllerForTestsViewController.m in Sources */,
				90AE1B7E1A84BD3E0009F641 /* ProblemsTopListTVC.m in Sources */,
				B388FF051A7F8AFF009C421C /* ResourcesViewController.m in Sources */,
				90AE1B831A84BD730009F641 /* XYPieChart.m in Sources */,
				5F17A7911A8B74FF00C49FA1 /* NetworkActivityIndicator.m in Sources */,
				B35343501A7F78A200DD2F03 /* MenuViewController.m in Sources */,
				E5F27C9B1A80F9A300121A7E /* EcomapProblemDetails.m in Sources */,
				5F17A78D1A8B596900C49FA1 /* ResourceDetails.m in Sources */,
				E5F27C9C1A80F9A300121A7E /* EcomapURLFetcher.m in Sources */,
				CABBB5261A8A844D0089065B /* EcomapPhoto.m in Sources */,
				B353431F1A7F73ED00DD2F03 /* main.m in Sources */,
			);
			runOnlyForDeploymentPostprocessing = 0;
		};
		B35343311A7F73ED00DD2F03 /* Sources */ = {
			isa = PBXSourcesBuildPhase;
			buildActionMask = 2147483647;
			files = (
				B353433C1A7F73ED00DD2F03 /* ecomapTests.m in Sources */,
			);
			runOnlyForDeploymentPostprocessing = 0;
		};
/* End PBXSourcesBuildPhase section */

/* Begin PBXTargetDependency section */
		B35343371A7F73ED00DD2F03 /* PBXTargetDependency */ = {
			isa = PBXTargetDependency;
			target = B35343181A7F73ED00DD2F03 /* ecomap */;
			targetProxy = B35343361A7F73ED00DD2F03 /* PBXContainerItemProxy */;
		};
/* End PBXTargetDependency section */

/* Begin PBXVariantGroup section */
		B35343291A7F73ED00DD2F03 /* Main.storyboard */ = {
			isa = PBXVariantGroup;
			children = (
				B353432A1A7F73ED00DD2F03 /* Base */,
			);
			name = Main.storyboard;
			sourceTree = "<group>";
		};
		B353432E1A7F73ED00DD2F03 /* LaunchScreen.xib */ = {
			isa = PBXVariantGroup;
			children = (
				B353432F1A7F73ED00DD2F03 /* Base */,
			);
			name = LaunchScreen.xib;
			sourceTree = "<group>";
		};
/* End PBXVariantGroup section */

/* Begin XCBuildConfiguration section */
		B353433D1A7F73ED00DD2F03 /* Debug */ = {
			isa = XCBuildConfiguration;
			buildSettings = {
				ALWAYS_SEARCH_USER_PATHS = NO;
				CLANG_CXX_LANGUAGE_STANDARD = "gnu++0x";
				CLANG_CXX_LIBRARY = "libc++";
				CLANG_ENABLE_MODULES = YES;
				CLANG_ENABLE_OBJC_ARC = YES;
				CLANG_WARN_BOOL_CONVERSION = YES;
				CLANG_WARN_CONSTANT_CONVERSION = YES;
				CLANG_WARN_DIRECT_OBJC_ISA_USAGE = YES_ERROR;
				CLANG_WARN_EMPTY_BODY = YES;
				CLANG_WARN_ENUM_CONVERSION = YES;
				CLANG_WARN_INT_CONVERSION = YES;
				CLANG_WARN_OBJC_ROOT_CLASS = YES_ERROR;
				CLANG_WARN_UNREACHABLE_CODE = YES;
				CLANG_WARN__DUPLICATE_METHOD_MATCH = YES;
				"CODE_SIGN_IDENTITY[sdk=iphoneos*]" = "iPhone Developer";
				COPY_PHASE_STRIP = NO;
				ENABLE_STRICT_OBJC_MSGSEND = YES;
				GCC_C_LANGUAGE_STANDARD = gnu99;
				GCC_DYNAMIC_NO_PIC = NO;
				GCC_OPTIMIZATION_LEVEL = 0;
				GCC_PREPROCESSOR_DEFINITIONS = (
					"DEBUG=1",
					"$(inherited)",
				);
				GCC_SYMBOLS_PRIVATE_EXTERN = NO;
				GCC_WARN_64_TO_32_BIT_CONVERSION = YES;
				GCC_WARN_ABOUT_RETURN_TYPE = YES_ERROR;
				GCC_WARN_UNDECLARED_SELECTOR = YES;
				GCC_WARN_UNINITIALIZED_AUTOS = YES_AGGRESSIVE;
				GCC_WARN_UNUSED_FUNCTION = YES;
				GCC_WARN_UNUSED_VARIABLE = YES;
				IPHONEOS_DEPLOYMENT_TARGET = 8.2;
				MTL_ENABLE_DEBUG_INFO = YES;
				ONLY_ACTIVE_ARCH = YES;
				SDKROOT = iphoneos;
			};
			name = Debug;
		};
		B353433E1A7F73ED00DD2F03 /* Release */ = {
			isa = XCBuildConfiguration;
			buildSettings = {
				ALWAYS_SEARCH_USER_PATHS = NO;
				CLANG_CXX_LANGUAGE_STANDARD = "gnu++0x";
				CLANG_CXX_LIBRARY = "libc++";
				CLANG_ENABLE_MODULES = YES;
				CLANG_ENABLE_OBJC_ARC = YES;
				CLANG_WARN_BOOL_CONVERSION = YES;
				CLANG_WARN_CONSTANT_CONVERSION = YES;
				CLANG_WARN_DIRECT_OBJC_ISA_USAGE = YES_ERROR;
				CLANG_WARN_EMPTY_BODY = YES;
				CLANG_WARN_ENUM_CONVERSION = YES;
				CLANG_WARN_INT_CONVERSION = YES;
				CLANG_WARN_OBJC_ROOT_CLASS = YES_ERROR;
				CLANG_WARN_UNREACHABLE_CODE = YES;
				CLANG_WARN__DUPLICATE_METHOD_MATCH = YES;
				"CODE_SIGN_IDENTITY[sdk=iphoneos*]" = "iPhone Developer";
				COPY_PHASE_STRIP = NO;
				ENABLE_NS_ASSERTIONS = NO;
				ENABLE_STRICT_OBJC_MSGSEND = YES;
				GCC_C_LANGUAGE_STANDARD = gnu99;
				GCC_WARN_64_TO_32_BIT_CONVERSION = YES;
				GCC_WARN_ABOUT_RETURN_TYPE = YES_ERROR;
				GCC_WARN_UNDECLARED_SELECTOR = YES;
				GCC_WARN_UNINITIALIZED_AUTOS = YES_AGGRESSIVE;
				GCC_WARN_UNUSED_FUNCTION = YES;
				GCC_WARN_UNUSED_VARIABLE = YES;
				IPHONEOS_DEPLOYMENT_TARGET = 8.2;
				MTL_ENABLE_DEBUG_INFO = NO;
				SDKROOT = iphoneos;
				VALIDATE_PRODUCT = YES;
			};
			name = Release;
		};
		B35343401A7F73ED00DD2F03 /* Debug */ = {
			isa = XCBuildConfiguration;
			baseConfigurationReference = 297826EF813E17D3E56E38B4 /* Pods.debug.xcconfig */;
			buildSettings = {
				ASSETCATALOG_COMPILER_APPICON_NAME = AppIcon;
				CODE_SIGN_IDENTITY = "iPhone Developer";
				"CODE_SIGN_IDENTITY[sdk=iphoneos*]" = "iPhone Developer";
				FRAMEWORK_SEARCH_PATHS = (
					"$(inherited)",
					"$(PROJECT_DIR)",
				);
				INFOPLIST_FILE = ecomap/Info.plist;
				IPHONEOS_DEPLOYMENT_TARGET = 8.1;
				LD_RUNPATH_SEARCH_PATHS = "$(inherited) @executable_path/Frameworks";
				OTHER_LDFLAGS = (
					"$(inherited)",
					"-ObjC",
				);
				PRODUCT_NAME = "$(TARGET_NAME)";
				PROVISIONING_PROFILE = "";
				TARGETED_DEVICE_FAMILY = 1;
			};
			name = Debug;
		};
		B35343411A7F73ED00DD2F03 /* Release */ = {
			isa = XCBuildConfiguration;
			baseConfigurationReference = 4928809254C217F84D5D52F8 /* Pods.release.xcconfig */;
			buildSettings = {
				ASSETCATALOG_COMPILER_APPICON_NAME = AppIcon;
				CODE_SIGN_IDENTITY = "iPhone Developer";
				"CODE_SIGN_IDENTITY[sdk=iphoneos*]" = "iPhone Developer";
				FRAMEWORK_SEARCH_PATHS = (
					"$(inherited)",
					"$(PROJECT_DIR)",
				);
				INFOPLIST_FILE = ecomap/Info.plist;
				IPHONEOS_DEPLOYMENT_TARGET = 8.1;
				LD_RUNPATH_SEARCH_PATHS = "$(inherited) @executable_path/Frameworks";
				OTHER_LDFLAGS = (
					"$(inherited)",
					"-ObjC",
				);
				PRODUCT_NAME = "$(TARGET_NAME)";
				PROVISIONING_PROFILE = "";
				TARGETED_DEVICE_FAMILY = 1;
			};
			name = Release;
		};
		B35343431A7F73ED00DD2F03 /* Debug */ = {
			isa = XCBuildConfiguration;
			buildSettings = {
				BUNDLE_LOADER = "$(TEST_HOST)";
				FRAMEWORK_SEARCH_PATHS = (
					"$(SDKROOT)/Developer/Library/Frameworks",
					"$(inherited)",
				);
				GCC_PREPROCESSOR_DEFINITIONS = (
					"DEBUG=1",
					"$(inherited)",
				);
				INFOPLIST_FILE = ecomapTests/Info.plist;
				IPHONEOS_DEPLOYMENT_TARGET = 8.1;
				LD_RUNPATH_SEARCH_PATHS = "$(inherited) @executable_path/Frameworks @loader_path/Frameworks";
				PRODUCT_NAME = "$(TARGET_NAME)";
				TEST_HOST = "$(BUILT_PRODUCTS_DIR)/ecomap.app/ecomap";
			};
			name = Debug;
		};
		B35343441A7F73ED00DD2F03 /* Release */ = {
			isa = XCBuildConfiguration;
			buildSettings = {
				BUNDLE_LOADER = "$(TEST_HOST)";
				FRAMEWORK_SEARCH_PATHS = (
					"$(SDKROOT)/Developer/Library/Frameworks",
					"$(inherited)",
				);
				INFOPLIST_FILE = ecomapTests/Info.plist;
				IPHONEOS_DEPLOYMENT_TARGET = 8.1;
				LD_RUNPATH_SEARCH_PATHS = "$(inherited) @executable_path/Frameworks @loader_path/Frameworks";
				PRODUCT_NAME = "$(TARGET_NAME)";
				TEST_HOST = "$(BUILT_PRODUCTS_DIR)/ecomap.app/ecomap";
			};
			name = Release;
		};
/* End XCBuildConfiguration section */

/* Begin XCConfigurationList section */
		B35343141A7F73ED00DD2F03 /* Build configuration list for PBXProject "ecomap" */ = {
			isa = XCConfigurationList;
			buildConfigurations = (
				B353433D1A7F73ED00DD2F03 /* Debug */,
				B353433E1A7F73ED00DD2F03 /* Release */,
			);
			defaultConfigurationIsVisible = 0;
			defaultConfigurationName = Release;
		};
		B353433F1A7F73ED00DD2F03 /* Build configuration list for PBXNativeTarget "ecomap" */ = {
			isa = XCConfigurationList;
			buildConfigurations = (
				B35343401A7F73ED00DD2F03 /* Debug */,
				B35343411A7F73ED00DD2F03 /* Release */,
			);
			defaultConfigurationIsVisible = 0;
			defaultConfigurationName = Release;
		};
		B35343421A7F73ED00DD2F03 /* Build configuration list for PBXNativeTarget "ecomapTests" */ = {
			isa = XCConfigurationList;
			buildConfigurations = (
				B35343431A7F73ED00DD2F03 /* Debug */,
				B35343441A7F73ED00DD2F03 /* Release */,
			);
			defaultConfigurationIsVisible = 0;
			defaultConfigurationName = Release;
		};
/* End XCConfigurationList section */

/* Begin XCVersionGroup section */
		B35343231A7F73ED00DD2F03 /* ecomap.xcdatamodeld */ = {
			isa = XCVersionGroup;
			children = (
				B35343241A7F73ED00DD2F03 /* ecomap.xcdatamodel */,
			);
			currentVersion = B35343241A7F73ED00DD2F03 /* ecomap.xcdatamodel */;
			path = ecomap.xcdatamodeld;
			sourceTree = "<group>";
			versionGroupType = wrapper.xcdatamodel;
		};
/* End XCVersionGroup section */
	};
	rootObject = B35343111A7F73ED00DD2F03 /* Project object */;
}
